{
  "version": 4,
  "terraform_version": "1.0.11",
  "serial": 607,
  "lineage": "7a90e010-abc0-9d4c-58df-5889c3be1b15",
  "outputs": {},
  "resources": [
    {
      "mode": "managed",
      "type": "aws_batch_compute_environment",
      "name": "batch_compute_tiny_jobs",
      "provider": "provider[\"registry.terraform.io/hashicorp/aws\"]",
      "instances": [
        {
          "schema_version": 0,
          "attributes": {
            "arn": "arn:aws:batch:us-west-2:700080227344:compute-environment/batch_compute_tiny_jobs",
            "compute_environment_name": "batch_compute_tiny_jobs",
            "compute_environment_name_prefix": "",
            "compute_resources": [
              {
                "allocation_strategy": "",
                "bid_percentage": 0,
                "desired_vcpus": 0,
                "ec2_configuration": [
                  {
                    "image_id_override": "",
                    "image_type": "ECS_AL2"
                  }
                ],
                "ec2_key_pair": "npi_aws_batch",
                "image_id": "ami-08576a4860f85fa6d",
                "instance_role": "arn:aws:iam::700080227344:instance-profile/ecs_instance_role",
                "instance_type": [
                  "m5.large",
                  "m5.xlarge"
                ],
                "launch_template": [],
                "max_vcpus": 256,
                "min_vcpus": 0,
                "security_group_ids": [
                  "sg-03146447e1a351c07",
                  "sg-09302bd79ea7cd73f"
                ],
                "spot_iam_fleet_role": "",
                "subnets": [
                  "subnet-01159c37e883483a0",
                  "subnet-07f34c5ba1f54cc09",
                  "subnet-0979bf0da38a823a4",
                  "subnet-0f45f6049b93a364e"
                ],
                "tags": {},
                "type": "EC2"
              }
            ],
            "ecs_cluster_arn": "arn:aws:ecs:us-west-2:700080227344:cluster/batch_compute_tiny_jobs_Batch_7e0d5821-59fb-37a7-bd7d-ed18d760bac0",
            "id": "batch_compute_tiny_jobs",
            "service_role": "arn:aws:iam::700080227344:role/aws_batch_service_role",
            "state": "ENABLED",
            "status": "VALID",
            "status_reason": "ComputeEnvironment Healthy",
            "tags": {},
            "tags_all": {},
            "type": "MANAGED"
          },
          "sensitive_attributes": [],
          "private": "bnVsbA==",
          "dependencies": [
            "aws_iam_role.ecs_instance_role",
            "aws_iam_role_policy_attachment.aws_batch_service_role",
            "aws_security_group.reachable_with_ssh",
            "aws_subnet.private_subnets",
            "aws_iam_instance_profile.ecs_instance_role",
            "aws_iam_role.aws_batch_service_role",
            "aws_internet_gateway.igw",
            "aws_security_group.reachable_from_vpc",
            "aws_vpc.vpc"
          ]
        }
      ]
    },
    {
      "mode": "managed",
      "type": "aws_batch_job_queue",
      "name": "batch_scratch_queue",
      "provider": "provider[\"registry.terraform.io/hashicorp/aws\"]",
      "instances": [
        {
          "schema_version": 0,
          "attributes": {
            "arn": "arn:aws:batch:us-west-2:700080227344:job-queue/batch_scratch_queue",
            "compute_environments": [
              "arn:aws:batch:us-west-2:700080227344:compute-environment/batch_compute_tiny_jobs"
            ],
            "id": "arn:aws:batch:us-west-2:700080227344:job-queue/batch_scratch_queue",
            "name": "batch_scratch_queue",
            "priority": 1,
            "state": "ENABLED",
            "tags": {},
            "tags_all": {}
          },
          "sensitive_attributes": [],
          "private": "bnVsbA==",
          "dependencies": [
            "aws_iam_instance_profile.ecs_instance_role",
            "aws_iam_role.aws_batch_service_role",
            "aws_iam_role_policy_attachment.aws_batch_service_role",
            "aws_internet_gateway.igw",
            "aws_vpc.vpc",
            "aws_batch_compute_environment.batch_compute_tiny_jobs",
            "aws_iam_role.ecs_instance_role",
            "aws_security_group.reachable_from_vpc",
            "aws_security_group.reachable_with_ssh",
            "aws_subnet.private_subnets"
          ]
        }
      ]
    },
    {
      "mode": "managed",
      "type": "aws_ecr_repository",
      "name": "bwamem",
      "provider": "provider[\"registry.terraform.io/hashicorp/aws\"]",
      "instances": [
        {
          "schema_version": 0,
          "attributes": {
            "arn": "arn:aws:ecr:us-west-2:700080227344:repository/bwamem",
            "encryption_configuration": [
              {
                "encryption_type": "AES256",
                "kms_key": ""
              }
            ],
            "id": "bwamem",
            "image_scanning_configuration": [
              {
                "scan_on_push": false
              }
            ],
            "image_tag_mutability": "MUTABLE",
            "name": "bwamem",
            "registry_id": "700080227344",
            "repository_url": "700080227344.dkr.ecr.us-west-2.amazonaws.com/bwamem",
            "tags": {
              "Name": "npi-oregon-dev-ecr-bwamem",
              "company": "NGS Pipelines"
            },
            "tags_all": {
              "Name": "npi-oregon-dev-ecr-bwamem",
              "company": "NGS Pipelines"
            },
            "timeouts": null
          },
          "sensitive_attributes": [],
          "private": "eyJlMmJmYjczMC1lY2FhLTExZTYtOGY4OC0zNDM2M2JjN2M0YzAiOnsiZGVsZXRlIjoxMjAwMDAwMDAwMDAwfX0="
        }
      ]
    },
    {
      "mode": "managed",
      "type": "aws_ecr_repository",
      "name": "testrepo",
      "provider": "provider[\"registry.terraform.io/hashicorp/aws\"]",
      "instances": [
        {
          "schema_version": 0,
          "attributes": {
            "arn": "arn:aws:ecr:us-west-2:700080227344:repository/testrepo",
            "encryption_configuration": [
              {
                "encryption_type": "AES256",
                "kms_key": ""
              }
            ],
            "id": "testrepo",
            "image_scanning_configuration": [
              {
                "scan_on_push": false
              }
            ],
            "image_tag_mutability": "MUTABLE",
            "name": "testrepo",
            "registry_id": "700080227344",
            "repository_url": "700080227344.dkr.ecr.us-west-2.amazonaws.com/testrepo",
            "tags": {
              "Name": "npi-oregon-dev-ecr-testrepo",
              "company": "NGS Pipelines"
            },
            "tags_all": {
              "Name": "npi-oregon-dev-ecr-testrepo",
              "company": "NGS Pipelines"
            },
            "timeouts": null
          },
          "sensitive_attributes": [],
          "private": "eyJlMmJmYjczMC1lY2FhLTExZTYtOGY4OC0zNDM2M2JjN2M0YzAiOnsiZGVsZXRlIjoxMjAwMDAwMDAwMDAwfX0="
        }
      ]
    },
    {
      "mode": "managed",
      "type": "aws_eip",
      "name": "nat_gateway_eip",
      "provider": "provider[\"registry.terraform.io/hashicorp/aws\"]",
      "instances": [
        {
          "schema_version": 0,
          "attributes": {
            "address": null,
            "allocation_id": "eipalloc-005bba63480e0ea4c",
            "associate_with_private_ip": null,
            "association_id": "eipassoc-0df4ff972411a9c91",
            "carrier_ip": "",
            "customer_owned_ip": "",
            "customer_owned_ipv4_pool": "",
            "domain": "vpc",
            "id": "eipalloc-005bba63480e0ea4c",
            "instance": "",
            "network_border_group": "us-west-2",
            "network_interface": "eni-093d5f4f695a7bc4d",
            "private_dns": "ip-10-88-0-76.us-west-2.compute.internal",
            "private_ip": "10.88.0.76",
            "public_dns": "ec2-44-235-19-212.us-west-2.compute.amazonaws.com",
            "public_ip": "44.235.19.212",
            "public_ipv4_pool": "amazon",
            "tags": {},
            "tags_all": {},
            "timeouts": null,
            "vpc": true
          },
          "sensitive_attributes": [],
          "private": "eyJlMmJmYjczMC1lY2FhLTExZTYtOGY4OC0zNDM2M2JjN2M0YzAiOnsiZGVsZXRlIjoxODAwMDAwMDAwMDAsInJlYWQiOjkwMDAwMDAwMDAwMCwidXBkYXRlIjozMDAwMDAwMDAwMDB9fQ=="
        }
      ]
    },
    {
      "mode": "managed",
      "type": "aws_iam_instance_profile",
      "name": "ecs_instance_role",
      "provider": "provider[\"registry.terraform.io/hashicorp/aws\"]",
      "instances": [
        {
          "schema_version": 0,
          "attributes": {
            "arn": "arn:aws:iam::700080227344:instance-profile/ecs_instance_role",
            "create_date": "2022-01-08T08:16:00Z",
            "id": "ecs_instance_role",
            "name": "ecs_instance_role",
            "name_prefix": null,
            "path": "/",
            "role": "ecs_instance_role",
            "tags": {},
            "tags_all": {},
            "unique_id": "AIPA2GAAIQQIJQBC6HQAT"
          },
          "sensitive_attributes": [],
          "private": "bnVsbA==",
          "dependencies": [
            "aws_iam_role.ecs_instance_role"
          ]
        }
      ]
    },
    {
      "mode": "managed",
      "type": "aws_iam_role",
      "name": "aws_batch_service_role",
      "provider": "provider[\"registry.terraform.io/hashicorp/aws\"]",
      "instances": [
        {
          "schema_version": 0,
          "attributes": {
            "arn": "arn:aws:iam::700080227344:role/aws_batch_service_role",
            "assume_role_policy": "{\"Version\":\"2012-10-17\",\"Statement\":[{\"Effect\":\"Allow\",\"Principal\":{\"Service\":\"batch.amazonaws.com\"},\"Action\":\"sts:AssumeRole\"}]}",
            "create_date": "2022-01-08T08:15:58Z",
            "description": "",
            "force_detach_policies": false,
            "id": "aws_batch_service_role",
            "inline_policy": [
              {
                "name": "",
                "policy": ""
              }
            ],
            "managed_policy_arns": [
              "arn:aws:iam::aws:policy/service-role/AWSBatchServiceRole"
            ],
            "max_session_duration": 3600,
            "name": "aws_batch_service_role",
            "name_prefix": "",
            "path": "/",
            "permissions_boundary": null,
            "tags": {},
            "tags_all": {},
            "unique_id": "AROA2GAAIQQIAXSDELUKI"
          },
          "sensitive_attributes": [],
          "private": "bnVsbA=="
        }
      ]
    },
    {
      "mode": "managed",
      "type": "aws_iam_role",
      "name": "ecs_batch_service_role",
      "provider": "provider[\"registry.terraform.io/hashicorp/aws\"]",
      "instances": [
        {
          "schema_version": 0,
          "attributes": {
            "arn": "arn:aws:iam::700080227344:role/ecs_batch_service_role",
            "assume_role_policy": "{\"Version\":\"2012-10-17\",\"Statement\":[{\"Effect\":\"Allow\",\"Principal\":{\"Service\":[\"ecs.amazonaws.com\",\"ecs-tasks.amazonaws.com\",\"ec2.amazonaws.com\"]},\"Action\":\"sts:AssumeRole\"}]}",
            "create_date": "2022-01-08T08:15:58Z",
            "description": "",
            "force_detach_policies": false,
            "id": "ecs_batch_service_role",
            "inline_policy": [
              {
                "name": "",
                "policy": ""
              }
            ],
            "managed_policy_arns": [
              "arn:aws:iam::aws:policy/AmazonEC2ContainerRegistryFullAccess",
              "arn:aws:iam::aws:policy/AmazonECS_FullAccess",
              "arn:aws:iam::aws:policy/AmazonS3FullAccess",
              "arn:aws:iam::aws:policy/CloudWatchFullAccess",
              "arn:aws:iam::aws:policy/service-role/AWSBatchServiceRole",
              "arn:aws:iam::aws:policy/service-role/AmazonEC2ContainerServiceRole"
            ],
            "max_session_duration": 3600,
            "name": "ecs_batch_service_role",
            "name_prefix": "",
            "path": "/",
            "permissions_boundary": null,
            "tags": {},
            "tags_all": {},
            "unique_id": "AROA2GAAIQQIN23X4C4SV"
          },
          "sensitive_attributes": [],
          "private": "bnVsbA=="
        }
      ]
    },
    {
      "mode": "managed",
      "type": "aws_iam_role",
      "name": "ecs_instance_role",
      "provider": "provider[\"registry.terraform.io/hashicorp/aws\"]",
      "instances": [
        {
          "schema_version": 0,
          "attributes": {
            "arn": "arn:aws:iam::700080227344:role/ecs_instance_role",
            "assume_role_policy": "{\"Version\":\"2012-10-17\",\"Statement\":[{\"Effect\":\"Allow\",\"Principal\":{\"Service\":\"ec2.amazonaws.com\"},\"Action\":\"sts:AssumeRole\"}]}",
            "create_date": "2022-01-08T08:15:58Z",
            "description": "",
            "force_detach_policies": false,
            "id": "ecs_instance_role",
            "inline_policy": [
              {
                "name": "",
                "policy": ""
              }
            ],
            "managed_policy_arns": [
              "arn:aws:iam::aws:policy/service-role/AmazonEC2ContainerServiceforEC2Role"
            ],
            "max_session_duration": 3600,
            "name": "ecs_instance_role",
            "name_prefix": "",
            "path": "/",
            "permissions_boundary": null,
            "tags": {},
            "tags_all": {},
            "unique_id": "AROA2GAAIQQIO66AEL5PE"
          },
          "sensitive_attributes": [],
          "private": "bnVsbA=="
        }
      ]
    },
    {
      "mode": "managed",
      "type": "aws_iam_role_policy_attachment",
      "name": "aws_batch_service_role",
      "provider": "provider[\"registry.terraform.io/hashicorp/aws\"]",
      "instances": [
        {
          "schema_version": 0,
          "attributes": {
            "id": "aws_batch_service_role-20220108081600142200000001",
            "policy_arn": "arn:aws:iam::aws:policy/service-role/AWSBatchServiceRole",
            "role": "aws_batch_service_role"
          },
          "sensitive_attributes": [],
          "private": "bnVsbA==",
          "dependencies": [
            "aws_iam_role.aws_batch_service_role"
          ]
        }
      ]
    },
    {
      "mode": "managed",
      "type": "aws_iam_role_policy_attachment",
      "name": "ecs_batch_service_role",
      "provider": "provider[\"registry.terraform.io/hashicorp/aws\"]",
      "instances": [
        {
          "index_key": 0,
          "schema_version": 0,
          "attributes": {
            "id": "ecs_batch_service_role-20220108081600162500000003",
            "policy_arn": "arn:aws:iam::aws:policy/AmazonEC2ContainerRegistryFullAccess",
            "role": "ecs_batch_service_role"
          },
          "sensitive_attributes": [],
          "private": "bnVsbA==",
          "dependencies": [
            "aws_iam_role.ecs_batch_service_role"
          ]
        },
        {
          "index_key": 1,
          "schema_version": 0,
          "attributes": {
            "id": "ecs_batch_service_role-20220108081600148800000002",
            "policy_arn": "arn:aws:iam::aws:policy/AmazonS3FullAccess",
            "role": "ecs_batch_service_role"
          },
          "sensitive_attributes": [],
          "private": "bnVsbA==",
          "dependencies": [
            "aws_iam_role.ecs_batch_service_role"
          ]
        },
        {
          "index_key": 2,
          "schema_version": 0,
          "attributes": {
            "id": "ecs_batch_service_role-20220108081600182700000007",
            "policy_arn": "arn:aws:iam::aws:policy/CloudWatchFullAccess",
            "role": "ecs_batch_service_role"
          },
          "sensitive_attributes": [],
          "private": "bnVsbA==",
          "dependencies": [
            "aws_iam_role.ecs_batch_service_role"
          ]
        },
        {
          "index_key": 3,
          "schema_version": 0,
          "attributes": {
            "id": "ecs_batch_service_role-20220108081600164300000005",
            "policy_arn": "arn:aws:iam::aws:policy/AmazonECS_FullAccess",
            "role": "ecs_batch_service_role"
          },
          "sensitive_attributes": [],
          "private": "bnVsbA==",
          "dependencies": [
            "aws_iam_role.ecs_batch_service_role"
          ]
        },
        {
          "index_key": 4,
          "schema_version": 0,
          "attributes": {
            "id": "ecs_batch_service_role-20220108081600164300000004",
            "policy_arn": "arn:aws:iam::aws:policy/service-role/AmazonEC2ContainerServiceRole",
            "role": "ecs_batch_service_role"
          },
          "sensitive_attributes": [],
          "private": "bnVsbA==",
          "dependencies": [
            "aws_iam_role.ecs_batch_service_role"
          ]
        },
        {
          "index_key": 5,
          "schema_version": 0,
          "attributes": {
            "id": "ecs_batch_service_role-20220108081600173400000006",
            "policy_arn": "arn:aws:iam::aws:policy/service-role/AWSBatchServiceRole",
            "role": "ecs_batch_service_role"
          },
          "sensitive_attributes": [],
          "private": "bnVsbA==",
          "dependencies": [
            "aws_iam_role.ecs_batch_service_role"
          ]
        }
      ]
    },
    {
      "mode": "managed",
      "type": "aws_iam_role_policy_attachment",
      "name": "ecs_instance_role",
      "provider": "provider[\"registry.terraform.io/hashicorp/aws\"]",
      "instances": [
        {
          "index_key": 0,
          "schema_version": 0,
          "attributes": {
            "id": "ecs_instance_role-20220108081600227000000008",
            "policy_arn": "arn:aws:iam::aws:policy/service-role/AmazonEC2ContainerServiceforEC2Role",
            "role": "ecs_instance_role"
          },
          "sensitive_attributes": [],
          "private": "bnVsbA==",
          "dependencies": [
            "aws_iam_role.ecs_instance_role"
          ]
        },
        {
          "index_key": 1,
          "schema_version": 0,
          "attributes": {
            "id": "ecs_instance_role-20220109233838804200000001",
            "policy_arn": "arn:aws:iam::aws:policy/AmazonS3FullAccess",
            "role": "ecs_instance_role"
          },
          "sensitive_attributes": [],
          "private": "bnVsbA==",
          "dependencies": [
            "aws_iam_role.ecs_instance_role"
          ]
        }
      ]
    },
    {
      "mode": "managed",
      "type": "aws_internet_gateway",
      "name": "igw",
      "provider": "provider[\"registry.terraform.io/hashicorp/aws\"]",
      "instances": [
        {
          "schema_version": 0,
          "attributes": {
            "arn": "arn:aws:ec2:us-west-2:700080227344:internet-gateway/igw-0fbf519a226a466ae",
            "id": "igw-0fbf519a226a466ae",
            "owner_id": "700080227344",
            "tags": {
              "Name": "npi-oregon-dev-igw",
              "company": "NGS Pipelines"
            },
            "tags_all": {
              "Name": "npi-oregon-dev-igw",
              "company": "NGS Pipelines"
            },
            "vpc_id": "vpc-0cffea4f90e4ab656"
          },
          "sensitive_attributes": [],
          "private": "bnVsbA==",
          "dependencies": [
            "aws_vpc.vpc"
          ]
        }
      ]
    },
    {
      "mode": "managed",
      "type": "aws_main_route_table_association",
      "name": "rta-main",
      "provider": "provider[\"registry.terraform.io/hashicorp/aws\"]",
      "instances": [
        {
          "schema_version": 0,
          "attributes": {
            "id": "rtbassoc-0c68f2f61b1468661",
            "original_route_table_id": "rtb-0ccb48e91cfc9b168",
            "route_table_id": "rtb-0f6dc80bb0ad1b049",
            "vpc_id": "vpc-0cffea4f90e4ab656"
          },
          "sensitive_attributes": [],
          "private": "bnVsbA==",
          "dependencies": [
            "aws_nat_gateway.nat_gateway",
            "aws_route_table.private_route_table",
            "aws_subnet.public_subnets",
            "aws_vpc.vpc",
            "aws_eip.nat_gateway_eip",
            "aws_internet_gateway.igw"
          ]
        }
      ]
    },
    {
      "mode": "managed",
      "type": "aws_nat_gateway",
      "name": "nat_gateway",
      "provider": "provider[\"registry.terraform.io/hashicorp/aws\"]",
      "instances": [
        {
          "schema_version": 0,
          "attributes": {
            "allocation_id": "eipalloc-005bba63480e0ea4c",
            "connectivity_type": "public",
            "id": "nat-085c2541803feffd9",
            "network_interface_id": "eni-093d5f4f695a7bc4d",
            "private_ip": "10.88.0.76",
            "public_ip": "44.235.19.212",
            "subnet_id": "subnet-055bc946ab7a3d117",
            "tags": {
              "Name": "npi-oregon-dev-nat-gateway",
              "company": "NGS Pipelines"
            },
            "tags_all": {
              "Name": "npi-oregon-dev-nat-gateway",
              "company": "NGS Pipelines"
            }
          },
          "sensitive_attributes": [],
          "private": "bnVsbA==",
          "dependencies": [
            "aws_internet_gateway.igw",
            "aws_subnet.public_subnets",
            "aws_vpc.vpc",
            "aws_eip.nat_gateway_eip"
          ]
        }
      ]
    },
    {
      "mode": "managed",
      "type": "aws_route_table",
      "name": "private_route_table",
      "provider": "provider[\"registry.terraform.io/hashicorp/aws\"]",
      "instances": [
        {
          "schema_version": 0,
          "attributes": {
            "arn": "arn:aws:ec2:us-west-2:700080227344:route-table/rtb-0f6dc80bb0ad1b049",
            "id": "rtb-0f6dc80bb0ad1b049",
            "owner_id": "700080227344",
            "propagating_vgws": [],
            "route": [
              {
                "carrier_gateway_id": "",
                "cidr_block": "0.0.0.0/0",
                "destination_prefix_list_id": "",
                "egress_only_gateway_id": "",
                "gateway_id": "nat-085c2541803feffd9",
                "instance_id": "",
                "ipv6_cidr_block": "",
                "local_gateway_id": "",
                "nat_gateway_id": "",
                "network_interface_id": "",
                "transit_gateway_id": "",
                "vpc_endpoint_id": "",
                "vpc_peering_connection_id": ""
              }
            ],
            "tags": {
              "Name": "npi-oregon-dev-private-route-table",
              "company": "NGS Pipelines"
            },
            "tags_all": {
              "Name": "npi-oregon-dev-private-route-table",
              "company": "NGS Pipelines"
            },
            "timeouts": null,
            "vpc_id": "vpc-0cffea4f90e4ab656"
          },
          "sensitive_attributes": [],
          "private": "eyJlMmJmYjczMC1lY2FhLTExZTYtOGY4OC0zNDM2M2JjN2M0YzAiOnsiY3JlYXRlIjoxMjAwMDAwMDAwMDAsImRlbGV0ZSI6MzAwMDAwMDAwMDAwLCJ1cGRhdGUiOjEyMDAwMDAwMDAwMH19",
          "dependencies": [
            "aws_nat_gateway.nat_gateway",
            "aws_vpc.vpc"
          ]
        }
      ]
    },
    {
      "mode": "managed",
      "type": "aws_route_table",
      "name": "public_route_table",
      "provider": "provider[\"registry.terraform.io/hashicorp/aws\"]",
      "instances": [
        {
          "schema_version": 0,
          "attributes": {
            "arn": "arn:aws:ec2:us-west-2:700080227344:route-table/rtb-00a0fb113d06929c9",
            "id": "rtb-00a0fb113d06929c9",
            "owner_id": "700080227344",
            "propagating_vgws": [],
            "route": [
              {
                "carrier_gateway_id": "",
                "cidr_block": "0.0.0.0/0",
                "destination_prefix_list_id": "",
                "egress_only_gateway_id": "",
                "gateway_id": "igw-0fbf519a226a466ae",
                "instance_id": "",
                "ipv6_cidr_block": "",
                "local_gateway_id": "",
                "nat_gateway_id": "",
                "network_interface_id": "",
                "transit_gateway_id": "",
                "vpc_endpoint_id": "",
                "vpc_peering_connection_id": ""
              }
            ],
            "tags": {
              "Name": "npi-oregon-dev-public-route-table",
              "company": "NGS Pipelines"
            },
            "tags_all": {
              "Name": "npi-oregon-dev-public-route-table",
              "company": "NGS Pipelines"
            },
            "timeouts": null,
            "vpc_id": "vpc-0cffea4f90e4ab656"
          },
          "sensitive_attributes": [],
          "private": "eyJlMmJmYjczMC1lY2FhLTExZTYtOGY4OC0zNDM2M2JjN2M0YzAiOnsiY3JlYXRlIjoxMjAwMDAwMDAwMDAsImRlbGV0ZSI6MzAwMDAwMDAwMDAwLCJ1cGRhdGUiOjEyMDAwMDAwMDAwMH19",
          "dependencies": [
            "aws_internet_gateway.igw",
            "aws_vpc.vpc"
          ]
        }
      ]
    },
    {
      "mode": "managed",
      "type": "aws_route_table_association",
      "name": "rta-private-subnets",
      "provider": "provider[\"registry.terraform.io/hashicorp/aws\"]",
      "instances": [
        {
          "index_key": 0,
          "schema_version": 0,
          "attributes": {
            "gateway_id": "",
            "id": "rtbassoc-0f99d3c235807c1a8",
            "route_table_id": "rtb-0f6dc80bb0ad1b049",
            "subnet_id": "subnet-07f34c5ba1f54cc09"
          },
          "sensitive_attributes": [],
          "private": "bnVsbA==",
          "dependencies": [
            "aws_eip.nat_gateway_eip",
            "aws_internet_gateway.igw",
            "aws_nat_gateway.nat_gateway",
            "aws_route_table.private_route_table",
            "aws_subnet.private_subnets",
            "aws_subnet.public_subnets",
            "aws_vpc.vpc"
          ]
        },
        {
          "index_key": 1,
          "schema_version": 0,
          "attributes": {
            "gateway_id": "",
            "id": "rtbassoc-0290913e552baa68c",
            "route_table_id": "rtb-0f6dc80bb0ad1b049",
            "subnet_id": "subnet-0f45f6049b93a364e"
          },
          "sensitive_attributes": [],
          "private": "bnVsbA==",
          "dependencies": [
            "aws_subnet.private_subnets",
            "aws_subnet.public_subnets",
            "aws_vpc.vpc",
            "aws_eip.nat_gateway_eip",
            "aws_internet_gateway.igw",
            "aws_nat_gateway.nat_gateway",
            "aws_route_table.private_route_table"
          ]
        },
        {
          "index_key": 2,
          "schema_version": 0,
          "attributes": {
            "gateway_id": "",
            "id": "rtbassoc-029b38430edaa4c5a",
            "route_table_id": "rtb-0f6dc80bb0ad1b049",
            "subnet_id": "subnet-01159c37e883483a0"
          },
          "sensitive_attributes": [],
          "private": "bnVsbA==",
          "dependencies": [
            "aws_internet_gateway.igw",
            "aws_nat_gateway.nat_gateway",
            "aws_route_table.private_route_table",
            "aws_subnet.private_subnets",
            "aws_subnet.public_subnets",
            "aws_vpc.vpc",
            "aws_eip.nat_gateway_eip"
          ]
        },
        {
          "index_key": 3,
          "schema_version": 0,
          "attributes": {
            "gateway_id": "",
            "id": "rtbassoc-0413e18a3249d55b7",
            "route_table_id": "rtb-0f6dc80bb0ad1b049",
            "subnet_id": "subnet-0979bf0da38a823a4"
          },
          "sensitive_attributes": [],
          "private": "bnVsbA==",
          "dependencies": [
            "aws_eip.nat_gateway_eip",
            "aws_internet_gateway.igw",
            "aws_nat_gateway.nat_gateway",
            "aws_route_table.private_route_table",
            "aws_subnet.private_subnets",
            "aws_subnet.public_subnets",
            "aws_vpc.vpc"
          ]
        }
      ]
    },
    {
      "mode": "managed",
      "type": "aws_route_table_association",
      "name": "rta-public-subnets",
      "provider": "provider[\"registry.terraform.io/hashicorp/aws\"]",
      "instances": [
        {
          "index_key": 0,
          "schema_version": 0,
          "attributes": {
            "gateway_id": "",
            "id": "rtbassoc-0bea4d43ef095f689",
            "route_table_id": "rtb-00a0fb113d06929c9",
            "subnet_id": "subnet-055bc946ab7a3d117"
          },
          "sensitive_attributes": [],
          "private": "bnVsbA==",
          "dependencies": [
            "aws_internet_gateway.igw",
            "aws_route_table.public_route_table",
            "aws_subnet.public_subnets",
            "aws_vpc.vpc"
          ]
        },
        {
          "index_key": 1,
          "schema_version": 0,
          "attributes": {
            "gateway_id": "",
            "id": "rtbassoc-01ad5d2129864d2ff",
            "route_table_id": "rtb-00a0fb113d06929c9",
            "subnet_id": "subnet-0fa30f015524d724a"
          },
          "sensitive_attributes": [],
          "private": "bnVsbA==",
          "dependencies": [
            "aws_internet_gateway.igw",
            "aws_route_table.public_route_table",
            "aws_subnet.public_subnets",
            "aws_vpc.vpc"
          ]
        },
        {
          "index_key": 2,
          "schema_version": 0,
          "attributes": {
            "gateway_id": "",
            "id": "rtbassoc-0115267a24509ca20",
            "route_table_id": "rtb-00a0fb113d06929c9",
            "subnet_id": "subnet-077f33c0fe9e7e604"
          },
          "sensitive_attributes": [],
          "private": "bnVsbA==",
          "dependencies": [
            "aws_route_table.public_route_table",
            "aws_subnet.public_subnets",
            "aws_vpc.vpc",
            "aws_internet_gateway.igw"
          ]
        },
        {
          "index_key": 3,
          "schema_version": 0,
          "attributes": {
            "gateway_id": "",
            "id": "rtbassoc-030ca97606c7eb06c",
            "route_table_id": "rtb-00a0fb113d06929c9",
            "subnet_id": "subnet-006b096220046e290"
          },
          "sensitive_attributes": [],
          "private": "bnVsbA==",
          "dependencies": [
            "aws_route_table.public_route_table",
            "aws_subnet.public_subnets",
            "aws_vpc.vpc",
            "aws_internet_gateway.igw"
          ]
        }
      ]
    },
    {
      "mode": "managed",
      "type": "aws_security_group",
      "name": "reachable_from_vpc",
      "provider": "provider[\"registry.terraform.io/hashicorp/aws\"]",
      "instances": [
        {
          "schema_version": 1,
          "attributes": {
            "arn": "arn:aws:ec2:us-west-2:700080227344:security-group/sg-03146447e1a351c07",
            "description": "Managed by Terraform",
            "egress": [
              {
                "cidr_blocks": [
                  "0.0.0.0/0"
                ],
                "description": "",
                "from_port": 0,
                "ipv6_cidr_blocks": [],
                "prefix_list_ids": [],
                "protocol": "-1",
                "security_groups": [],
                "self": false,
                "to_port": 0
              }
            ],
            "id": "sg-03146447e1a351c07",
            "ingress": [
              {
                "cidr_blocks": [
                  "10.88.0.0/16"
                ],
                "description": "",
                "from_port": 0,
                "ipv6_cidr_blocks": [],
                "prefix_list_ids": [],
                "protocol": "-1",
                "security_groups": [],
                "self": false,
                "to_port": 0
              }
            ],
            "name": "npi-oregon-dev-reachable-from-vpc",
            "name_prefix": "",
            "owner_id": "700080227344",
            "revoke_rules_on_delete": false,
            "tags": {
              "Name": "npi-oregon-dev-reachable-from-vpc",
              "company": "NGS Pipelines"
            },
            "tags_all": {
              "Name": "npi-oregon-dev-reachable-from-vpc",
              "company": "NGS Pipelines"
            },
            "timeouts": null,
            "vpc_id": "vpc-0cffea4f90e4ab656"
          },
          "sensitive_attributes": [],
          "private": "eyJlMmJmYjczMC1lY2FhLTExZTYtOGY4OC0zNDM2M2JjN2M0YzAiOnsiY3JlYXRlIjo2MDAwMDAwMDAwMDAsImRlbGV0ZSI6OTAwMDAwMDAwMDAwfSwic2NoZW1hX3ZlcnNpb24iOiIxIn0=",
          "dependencies": [
            "aws_vpc.vpc"
          ]
        }
      ]
    },
    {
      "mode": "managed",
      "type": "aws_security_group",
      "name": "reachable_with_http",
      "provider": "provider[\"registry.terraform.io/hashicorp/aws\"]",
      "instances": [
        {
          "schema_version": 1,
          "attributes": {
            "arn": "arn:aws:ec2:us-west-2:700080227344:security-group/sg-046ca2deb3c997ef2",
            "description": "Managed by Terraform",
            "egress": [
              {
                "cidr_blocks": [
                  "0.0.0.0/0"
                ],
                "description": "",
                "from_port": 0,
                "ipv6_cidr_blocks": [],
                "prefix_list_ids": [],
                "protocol": "-1",
                "security_groups": [],
                "self": false,
                "to_port": 0
              }
            ],
            "id": "sg-046ca2deb3c997ef2",
            "ingress": [
              {
                "cidr_blocks": [
                  "0.0.0.0/0"
                ],
                "description": "",
                "from_port": 3000,
                "ipv6_cidr_blocks": [],
                "prefix_list_ids": [],
                "protocol": "tcp",
                "security_groups": [],
                "self": false,
                "to_port": 3000
              },
              {
                "cidr_blocks": [
                  "0.0.0.0/0"
                ],
                "description": "",
                "from_port": 3001,
                "ipv6_cidr_blocks": [],
                "prefix_list_ids": [],
                "protocol": "tcp",
                "security_groups": [],
                "self": false,
                "to_port": 3001
              },
              {
                "cidr_blocks": [
                  "0.0.0.0/0"
                ],
                "description": "",
                "from_port": 443,
                "ipv6_cidr_blocks": [],
                "prefix_list_ids": [],
                "protocol": "tcp",
                "security_groups": [],
                "self": false,
                "to_port": 443
              },
              {
                "cidr_blocks": [
                  "0.0.0.0/0"
                ],
                "description": "",
                "from_port": 5000,
                "ipv6_cidr_blocks": [],
                "prefix_list_ids": [],
                "protocol": "tcp",
                "security_groups": [],
                "self": false,
                "to_port": 5000
              },
              {
                "cidr_blocks": [
                  "0.0.0.0/0"
                ],
                "description": "",
                "from_port": 5000,
                "ipv6_cidr_blocks": [],
                "prefix_list_ids": [],
                "protocol": "tcp",
                "security_groups": [],
                "self": false,
                "to_port": 5001
              },
              {
                "cidr_blocks": [
                  "0.0.0.0/0"
                ],
                "description": "",
                "from_port": 8080,
                "ipv6_cidr_blocks": [],
                "prefix_list_ids": [],
                "protocol": "tcp",
                "security_groups": [],
                "self": false,
                "to_port": 8080
              },
              {
                "cidr_blocks": [
                  "0.0.0.0/0"
                ],
                "description": "",
                "from_port": 80,
                "ipv6_cidr_blocks": [],
                "prefix_list_ids": [],
                "protocol": "tcp",
                "security_groups": [],
                "self": false,
                "to_port": 80
              }
            ],
            "name": "npi-oregon-dev-reachable-with-http",
            "name_prefix": "",
            "owner_id": "700080227344",
            "revoke_rules_on_delete": false,
            "tags": {
              "Name": "npi-oregon-dev-reachable-with-http",
              "company": "NGS Pipelines"
            },
            "tags_all": {
              "Name": "npi-oregon-dev-reachable-with-http",
              "company": "NGS Pipelines"
            },
            "timeouts": null,
            "vpc_id": "vpc-0cffea4f90e4ab656"
          },
          "sensitive_attributes": [],
          "private": "eyJlMmJmYjczMC1lY2FhLTExZTYtOGY4OC0zNDM2M2JjN2M0YzAiOnsiY3JlYXRlIjo2MDAwMDAwMDAwMDAsImRlbGV0ZSI6OTAwMDAwMDAwMDAwfSwic2NoZW1hX3ZlcnNpb24iOiIxIn0=",
          "dependencies": [
            "aws_vpc.vpc"
          ]
        }
      ]
    },
    {
      "mode": "managed",
      "type": "aws_security_group",
      "name": "reachable_with_ssh",
      "provider": "provider[\"registry.terraform.io/hashicorp/aws\"]",
      "instances": [
        {
          "schema_version": 1,
          "attributes": {
            "arn": "arn:aws:ec2:us-west-2:700080227344:security-group/sg-09302bd79ea7cd73f",
            "description": "Managed by Terraform",
            "egress": [
              {
                "cidr_blocks": [
                  "0.0.0.0/0"
                ],
                "description": "",
                "from_port": 0,
                "ipv6_cidr_blocks": [],
                "prefix_list_ids": [],
                "protocol": "-1",
                "security_groups": [],
                "self": false,
                "to_port": 0
              }
            ],
            "id": "sg-09302bd79ea7cd73f",
            "ingress": [
              {
                "cidr_blocks": [
                  "0.0.0.0/0"
                ],
                "description": "",
                "from_port": 22,
                "ipv6_cidr_blocks": [],
                "prefix_list_ids": [],
                "protocol": "tcp",
                "security_groups": [],
                "self": false,
                "to_port": 22
              }
            ],
            "name": "npi-oregon-dev-reachable-with-ssh",
            "name_prefix": "",
            "owner_id": "700080227344",
            "revoke_rules_on_delete": false,
            "tags": {
              "Name": "npi-oregon-dev-reachable-with-ssh",
              "company": "NGS Pipelines"
            },
            "tags_all": {
              "Name": "npi-oregon-dev-reachable-with-ssh",
              "company": "NGS Pipelines"
            },
            "timeouts": null,
            "vpc_id": "vpc-0cffea4f90e4ab656"
          },
          "sensitive_attributes": [],
          "private": "eyJlMmJmYjczMC1lY2FhLTExZTYtOGY4OC0zNDM2M2JjN2M0YzAiOnsiY3JlYXRlIjo2MDAwMDAwMDAwMDAsImRlbGV0ZSI6OTAwMDAwMDAwMDAwfSwic2NoZW1hX3ZlcnNpb24iOiIxIn0=",
          "dependencies": [
            "aws_vpc.vpc"
          ]
        }
      ]
    },
    {
      "mode": "managed",
      "type": "aws_subnet",
      "name": "private_subnets",
      "provider": "provider[\"registry.terraform.io/hashicorp/aws\"]",
      "instances": [
        {
          "index_key": 0,
          "schema_version": 1,
          "attributes": {
            "arn": "arn:aws:ec2:us-west-2:700080227344:subnet/subnet-07f34c5ba1f54cc09",
            "assign_ipv6_address_on_creation": false,
            "availability_zone": "us-west-2a",
            "availability_zone_id": "usw2-az2",
            "cidr_block": "10.88.128.0/23",
            "customer_owned_ipv4_pool": "",
            "id": "subnet-07f34c5ba1f54cc09",
            "ipv6_cidr_block": "",
            "ipv6_cidr_block_association_id": "",
            "map_customer_owned_ip_on_launch": false,
            "map_public_ip_on_launch": false,
            "outpost_arn": "",
            "owner_id": "700080227344",
            "tags": {
              "Name": "npi-oregon-dev-private-subnet-0",
              "company": "NGS Pipelines"
            },
            "tags_all": {
              "Name": "npi-oregon-dev-private-subnet-0",
              "company": "NGS Pipelines"
            },
            "timeouts": null,
            "vpc_id": "vpc-0cffea4f90e4ab656"
          },
          "sensitive_attributes": [],
          "private": "eyJlMmJmYjczMC1lY2FhLTExZTYtOGY4OC0zNDM2M2JjN2M0YzAiOnsiY3JlYXRlIjo2MDAwMDAwMDAwMDAsImRlbGV0ZSI6MTIwMDAwMDAwMDAwMH0sInNjaGVtYV92ZXJzaW9uIjoiMSJ9",
          "dependencies": [
            "aws_vpc.vpc"
          ]
        },
        {
          "index_key": 1,
          "schema_version": 1,
          "attributes": {
            "arn": "arn:aws:ec2:us-west-2:700080227344:subnet/subnet-0f45f6049b93a364e",
            "assign_ipv6_address_on_creation": false,
            "availability_zone": "us-west-2b",
            "availability_zone_id": "usw2-az1",
            "cidr_block": "10.88.130.0/23",
            "customer_owned_ipv4_pool": "",
            "id": "subnet-0f45f6049b93a364e",
            "ipv6_cidr_block": "",
            "ipv6_cidr_block_association_id": "",
            "map_customer_owned_ip_on_launch": false,
            "map_public_ip_on_launch": false,
            "outpost_arn": "",
            "owner_id": "700080227344",
            "tags": {
              "Name": "npi-oregon-dev-private-subnet-1",
              "company": "NGS Pipelines"
            },
            "tags_all": {
              "Name": "npi-oregon-dev-private-subnet-1",
              "company": "NGS Pipelines"
            },
            "timeouts": null,
            "vpc_id": "vpc-0cffea4f90e4ab656"
          },
          "sensitive_attributes": [],
          "private": "eyJlMmJmYjczMC1lY2FhLTExZTYtOGY4OC0zNDM2M2JjN2M0YzAiOnsiY3JlYXRlIjo2MDAwMDAwMDAwMDAsImRlbGV0ZSI6MTIwMDAwMDAwMDAwMH0sInNjaGVtYV92ZXJzaW9uIjoiMSJ9",
          "dependencies": [
            "aws_vpc.vpc"
          ]
        },
        {
          "index_key": 2,
          "schema_version": 1,
          "attributes": {
            "arn": "arn:aws:ec2:us-west-2:700080227344:subnet/subnet-01159c37e883483a0",
            "assign_ipv6_address_on_creation": false,
            "availability_zone": "us-west-2c",
            "availability_zone_id": "usw2-az3",
            "cidr_block": "10.88.132.0/23",
            "customer_owned_ipv4_pool": "",
            "id": "subnet-01159c37e883483a0",
            "ipv6_cidr_block": "",
            "ipv6_cidr_block_association_id": "",
            "map_customer_owned_ip_on_launch": false,
            "map_public_ip_on_launch": false,
            "outpost_arn": "",
            "owner_id": "700080227344",
            "tags": {
              "Name": "npi-oregon-dev-private-subnet-2",
              "company": "NGS Pipelines"
            },
            "tags_all": {
              "Name": "npi-oregon-dev-private-subnet-2",
              "company": "NGS Pipelines"
            },
            "timeouts": null,
            "vpc_id": "vpc-0cffea4f90e4ab656"
          },
          "sensitive_attributes": [],
          "private": "eyJlMmJmYjczMC1lY2FhLTExZTYtOGY4OC0zNDM2M2JjN2M0YzAiOnsiY3JlYXRlIjo2MDAwMDAwMDAwMDAsImRlbGV0ZSI6MTIwMDAwMDAwMDAwMH0sInNjaGVtYV92ZXJzaW9uIjoiMSJ9",
          "dependencies": [
            "aws_vpc.vpc"
          ]
        },
        {
          "index_key": 3,
          "schema_version": 1,
          "attributes": {
            "arn": "arn:aws:ec2:us-west-2:700080227344:subnet/subnet-0979bf0da38a823a4",
            "assign_ipv6_address_on_creation": false,
            "availability_zone": "us-west-2d",
            "availability_zone_id": "usw2-az4",
            "cidr_block": "10.88.134.0/23",
            "customer_owned_ipv4_pool": "",
            "id": "subnet-0979bf0da38a823a4",
            "ipv6_cidr_block": "",
            "ipv6_cidr_block_association_id": "",
            "map_customer_owned_ip_on_launch": false,
            "map_public_ip_on_launch": false,
            "outpost_arn": "",
            "owner_id": "700080227344",
            "tags": {
              "Name": "npi-oregon-dev-private-subnet-3",
              "company": "NGS Pipelines"
            },
            "tags_all": {
              "Name": "npi-oregon-dev-private-subnet-3",
              "company": "NGS Pipelines"
            },
            "timeouts": null,
            "vpc_id": "vpc-0cffea4f90e4ab656"
          },
          "sensitive_attributes": [],
          "private": "eyJlMmJmYjczMC1lY2FhLTExZTYtOGY4OC0zNDM2M2JjN2M0YzAiOnsiY3JlYXRlIjo2MDAwMDAwMDAwMDAsImRlbGV0ZSI6MTIwMDAwMDAwMDAwMH0sInNjaGVtYV92ZXJzaW9uIjoiMSJ9",
          "dependencies": [
            "aws_vpc.vpc"
          ]
        }
      ]
    },
    {
      "mode": "managed",
      "type": "aws_subnet",
      "name": "public_subnets",
      "provider": "provider[\"registry.terraform.io/hashicorp/aws\"]",
      "instances": [
        {
          "index_key": 0,
          "schema_version": 1,
          "attributes": {
            "arn": "arn:aws:ec2:us-west-2:700080227344:subnet/subnet-055bc946ab7a3d117",
            "assign_ipv6_address_on_creation": false,
            "availability_zone": "us-west-2a",
            "availability_zone_id": "usw2-az2",
            "cidr_block": "10.88.0.0/23",
            "customer_owned_ipv4_pool": "",
            "id": "subnet-055bc946ab7a3d117",
            "ipv6_cidr_block": "",
            "ipv6_cidr_block_association_id": "",
            "map_customer_owned_ip_on_launch": false,
            "map_public_ip_on_launch": true,
            "outpost_arn": "",
            "owner_id": "700080227344",
            "tags": {
              "Name": "npi-oregon-dev-public-subnet-0",
              "company": "NGS Pipelines"
            },
            "tags_all": {
              "Name": "npi-oregon-dev-public-subnet-0",
              "company": "NGS Pipelines"
            },
            "timeouts": null,
            "vpc_id": "vpc-0cffea4f90e4ab656"
          },
          "sensitive_attributes": [],
          "private": "eyJlMmJmYjczMC1lY2FhLTExZTYtOGY4OC0zNDM2M2JjN2M0YzAiOnsiY3JlYXRlIjo2MDAwMDAwMDAwMDAsImRlbGV0ZSI6MTIwMDAwMDAwMDAwMH0sInNjaGVtYV92ZXJzaW9uIjoiMSJ9",
          "dependencies": [
            "aws_vpc.vpc"
          ]
        },
        {
          "index_key": 1,
          "schema_version": 1,
          "attributes": {
            "arn": "arn:aws:ec2:us-west-2:700080227344:subnet/subnet-0fa30f015524d724a",
            "assign_ipv6_address_on_creation": false,
            "availability_zone": "us-west-2b",
            "availability_zone_id": "usw2-az1",
            "cidr_block": "10.88.2.0/23",
            "customer_owned_ipv4_pool": "",
            "id": "subnet-0fa30f015524d724a",
            "ipv6_cidr_block": "",
            "ipv6_cidr_block_association_id": "",
            "map_customer_owned_ip_on_launch": false,
            "map_public_ip_on_launch": true,
            "outpost_arn": "",
            "owner_id": "700080227344",
            "tags": {
              "Name": "npi-oregon-dev-public-subnet-1",
              "company": "NGS Pipelines"
            },
            "tags_all": {
              "Name": "npi-oregon-dev-public-subnet-1",
              "company": "NGS Pipelines"
            },
            "timeouts": null,
            "vpc_id": "vpc-0cffea4f90e4ab656"
          },
          "sensitive_attributes": [],
          "private": "eyJlMmJmYjczMC1lY2FhLTExZTYtOGY4OC0zNDM2M2JjN2M0YzAiOnsiY3JlYXRlIjo2MDAwMDAwMDAwMDAsImRlbGV0ZSI6MTIwMDAwMDAwMDAwMH0sInNjaGVtYV92ZXJzaW9uIjoiMSJ9",
          "dependencies": [
            "aws_vpc.vpc"
          ]
        },
        {
          "index_key": 2,
          "schema_version": 1,
          "attributes": {
            "arn": "arn:aws:ec2:us-west-2:700080227344:subnet/subnet-077f33c0fe9e7e604",
            "assign_ipv6_address_on_creation": false,
            "availability_zone": "us-west-2c",
            "availability_zone_id": "usw2-az3",
            "cidr_block": "10.88.4.0/23",
            "customer_owned_ipv4_pool": "",
            "id": "subnet-077f33c0fe9e7e604",
            "ipv6_cidr_block": "",
            "ipv6_cidr_block_association_id": "",
            "map_customer_owned_ip_on_launch": false,
            "map_public_ip_on_launch": true,
            "outpost_arn": "",
            "owner_id": "700080227344",
            "tags": {
              "Name": "npi-oregon-dev-public-subnet-2",
              "company": "NGS Pipelines"
            },
            "tags_all": {
              "Name": "npi-oregon-dev-public-subnet-2",
              "company": "NGS Pipelines"
            },
            "timeouts": null,
            "vpc_id": "vpc-0cffea4f90e4ab656"
          },
          "sensitive_attributes": [],
          "private": "eyJlMmJmYjczMC1lY2FhLTExZTYtOGY4OC0zNDM2M2JjN2M0YzAiOnsiY3JlYXRlIjo2MDAwMDAwMDAwMDAsImRlbGV0ZSI6MTIwMDAwMDAwMDAwMH0sInNjaGVtYV92ZXJzaW9uIjoiMSJ9",
          "dependencies": [
            "aws_vpc.vpc"
          ]
        },
        {
          "index_key": 3,
          "schema_version": 1,
          "attributes": {
            "arn": "arn:aws:ec2:us-west-2:700080227344:subnet/subnet-006b096220046e290",
            "assign_ipv6_address_on_creation": false,
            "availability_zone": "us-west-2d",
            "availability_zone_id": "usw2-az4",
            "cidr_block": "10.88.6.0/23",
            "customer_owned_ipv4_pool": "",
            "id": "subnet-006b096220046e290",
            "ipv6_cidr_block": "",
            "ipv6_cidr_block_association_id": "",
            "map_customer_owned_ip_on_launch": false,
            "map_public_ip_on_launch": true,
            "outpost_arn": "",
            "owner_id": "700080227344",
            "tags": {
              "Name": "npi-oregon-dev-public-subnet-3",
              "company": "NGS Pipelines"
            },
            "tags_all": {
              "Name": "npi-oregon-dev-public-subnet-3",
              "company": "NGS Pipelines"
            },
            "timeouts": null,
            "vpc_id": "vpc-0cffea4f90e4ab656"
          },
          "sensitive_attributes": [],
          "private": "eyJlMmJmYjczMC1lY2FhLTExZTYtOGY4OC0zNDM2M2JjN2M0YzAiOnsiY3JlYXRlIjo2MDAwMDAwMDAwMDAsImRlbGV0ZSI6MTIwMDAwMDAwMDAwMH0sInNjaGVtYV92ZXJzaW9uIjoiMSJ9",
          "dependencies": [
            "aws_vpc.vpc"
          ]
        }
      ]
    },
    {
      "mode": "managed",
      "type": "aws_vpc",
      "name": "vpc",
      "provider": "provider[\"registry.terraform.io/hashicorp/aws\"]",
      "instances": [
        {
          "schema_version": 1,
          "attributes": {
            "arn": "arn:aws:ec2:us-west-2:700080227344:vpc/vpc-0cffea4f90e4ab656",
            "assign_generated_ipv6_cidr_block": false,
            "cidr_block": "10.88.0.0/16",
            "default_network_acl_id": "acl-0b4f563a5ef372d4a",
            "default_route_table_id": "rtb-0f6dc80bb0ad1b049",
            "default_security_group_id": "sg-0be63635bfc7b7932",
            "dhcp_options_id": "dopt-091d793b4683a6b3d",
            "enable_classiclink": false,
            "enable_classiclink_dns_support": false,
            "enable_dns_hostnames": true,
            "enable_dns_support": true,
            "id": "vpc-0cffea4f90e4ab656",
            "instance_tenancy": "default",
            "ipv4_ipam_pool_id": null,
            "ipv4_netmask_length": null,
            "ipv6_association_id": "",
            "ipv6_cidr_block": "",
            "ipv6_ipam_pool_id": null,
            "ipv6_netmask_length": null,
            "main_route_table_id": "rtb-0f6dc80bb0ad1b049",
            "owner_id": "700080227344",
            "tags": {
              "Name": "npi-oregon-dev-vpc",
              "company": "NGS Pipelines"
            },
            "tags_all": {
              "Name": "npi-oregon-dev-vpc",
              "company": "NGS Pipelines"
            }
          },
          "sensitive_attributes": [],
          "private": "eyJzY2hlbWFfdmVyc2lvbiI6IjEifQ=="
        }
      ]
    },
    {
      "mode": "managed",
      "type": "aws_vpc_endpoint",
      "name": "s3",
      "provider": "provider[\"registry.terraform.io/hashicorp/aws\"]",
      "instances": [
        {
          "schema_version": 0,
          "attributes": {
            "arn": "arn:aws:ec2:us-west-2:700080227344:vpc-endpoint/vpce-09d320ccca51c009f",
            "auto_accept": null,
            "cidr_blocks": [
              "3.5.76.0/22",
              "3.5.80.0/21",
              "52.92.128.0/17",
              "52.218.128.0/17"
            ],
            "dns_entry": [],
            "id": "vpce-09d320ccca51c009f",
            "network_interface_ids": [],
            "owner_id": "700080227344",
            "policy": "{\"Statement\":[{\"Action\":\"*\",\"Effect\":\"Allow\",\"Principal\":\"*\",\"Resource\":\"*\"}],\"Version\":\"2008-10-17\"}",
            "prefix_list_id": "pl-68a54001",
            "private_dns_enabled": false,
            "requester_managed": false,
            "route_table_ids": [
              "rtb-00a0fb113d06929c9",
              "rtb-0f6dc80bb0ad1b049"
            ],
            "security_group_ids": [],
            "service_name": "com.amazonaws.us-west-2.s3",
            "state": "available",
            "subnet_ids": [],
            "tags": {},
            "tags_all": {},
            "timeouts": null,
            "vpc_endpoint_type": "Gateway",
            "vpc_id": "vpc-0cffea4f90e4ab656"
          },
          "sensitive_attributes": [],
          "private": "eyJlMmJmYjczMC1lY2FhLTExZTYtOGY4OC0zNDM2M2JjN2M0YzAiOnsiY3JlYXRlIjo2MDAwMDAwMDAwMDAsImRlbGV0ZSI6NjAwMDAwMDAwMDAwLCJ1cGRhdGUiOjYwMDAwMDAwMDAwMH19",
          "dependencies": [
            "aws_vpc.vpc"
          ]
        }
      ]
    },
    {
      "mode": "managed",
      "type": "aws_vpc_endpoint_route_table_association",
      "name": "rta-s3-private",
      "provider": "provider[\"registry.terraform.io/hashicorp/aws\"]",
      "instances": [
        {
          "schema_version": 0,
          "attributes": {
            "id": "a-vpce-09d320ccca51c009f1296791065",
            "route_table_id": "rtb-0f6dc80bb0ad1b049",
            "vpc_endpoint_id": "vpce-09d320ccca51c009f"
          },
          "sensitive_attributes": [],
          "private": "bnVsbA==",
          "dependencies": [
            "aws_vpc.vpc",
            "aws_vpc_endpoint.s3",
            "aws_eip.nat_gateway_eip",
            "aws_internet_gateway.igw",
            "aws_nat_gateway.nat_gateway",
            "aws_route_table.private_route_table",
            "aws_subnet.public_subnets"
          ]
        }
      ]
    },
    {
      "mode": "managed",
      "type": "aws_vpc_endpoint_route_table_association",
      "name": "rta-s3-public",
      "provider": "provider[\"registry.terraform.io/hashicorp/aws\"]",
      "instances": [
        {
          "schema_version": 0,
          "attributes": {
            "id": "a-vpce-09d320ccca51c009f3565538379",
            "route_table_id": "rtb-00a0fb113d06929c9",
            "vpc_endpoint_id": "vpce-09d320ccca51c009f"
          },
          "sensitive_attributes": [],
          "private": "bnVsbA==",
          "dependencies": [
            "aws_vpc.vpc",
            "aws_vpc_endpoint.s3",
            "aws_internet_gateway.igw",
            "aws_route_table.public_route_table"
          ]
        }
      ]
    }
  ]
}
