{
  "version": 4,
  "terraform_version": "1.0.11",
  "serial": 951,
  "lineage": "7a90e010-abc0-9d4c-58df-5889c3be1b15",
  "outputs": {},
  "resources": [
    {
      "mode": "managed",
      "type": "aws_acm_certificate",
      "name": "cert",
      "provider": "provider[\"registry.terraform.io/hashicorp/aws\"]",
      "instances": [
        {
          "schema_version": 0,
          "attributes": {
            "arn": "arn:aws:acm:us-west-2:700080227344:certificate/c2ad2fb0-1af9-4f36-bbc3-11d7ba6e7f8e",
            "certificate_authority_arn": "",
            "certificate_body": null,
            "certificate_chain": null,
            "domain_name": "ngspipelines.com",
            "domain_validation_options": [
              {
                "domain_name": "ngspipelines.com",
                "resource_record_name": "_44bba7044513cc59c2bf5d71d0db1d06.ngspipelines.com.",
                "resource_record_type": "CNAME",
                "resource_record_value": "_d19148e00a827c21c10718a5880db105.ylqxxscwpq.acm-validations.aws."
              }
            ],
            "id": "arn:aws:acm:us-west-2:700080227344:certificate/c2ad2fb0-1af9-4f36-bbc3-11d7ba6e7f8e",
            "options": [
              {
                "certificate_transparency_logging_preference": "ENABLED"
              }
            ],
            "private_key": null,
            "status": "ISSUED",
            "subject_alternative_names": [],
            "tags": {
              "Name": "hubseq-oregon-dev-acm-cert-1",
              "company": "HubSeq"
            },
            "tags_all": {
              "Name": "hubseq-oregon-dev-acm-cert-1",
              "company": "HubSeq"
            },
            "validation_emails": [],
            "validation_method": "DNS"
          },
          "sensitive_attributes": [],
          "private": "bnVsbA==",
          "dependencies": [
            "aws_route53_zone.main"
          ],
          "create_before_destroy": true
        }
      ]
    },
    {
      "mode": "managed",
      "type": "aws_acm_certificate",
      "name": "cert2_hubseq",
      "provider": "provider[\"registry.terraform.io/hashicorp/aws\"]",
      "instances": [
        {
          "schema_version": 0,
          "attributes": {
            "arn": "arn:aws:acm:us-west-2:700080227344:certificate/13db3a73-543e-4671-8161-7543584da8d5",
            "certificate_authority_arn": "",
            "certificate_body": null,
            "certificate_chain": null,
            "domain_name": "data.hubseq.com",
            "domain_validation_options": [
              {
                "domain_name": "data.hubseq.com",
                "resource_record_name": "_b7988098a2f906ebd3951b98984c3506.data.hubseq.com.",
                "resource_record_type": "CNAME",
                "resource_record_value": "_ba81fac8d77a40e5bac7d715e114d813.ltyvprtsjl.acm-validations.aws."
              }
            ],
            "id": "arn:aws:acm:us-west-2:700080227344:certificate/13db3a73-543e-4671-8161-7543584da8d5",
            "options": [
              {
                "certificate_transparency_logging_preference": "ENABLED"
              }
            ],
            "private_key": null,
            "status": "ISSUED",
            "subject_alternative_names": [],
            "tags": {
              "Name": "hubseq-oregon-dev-acm-cert-2",
              "company": "HubSeq"
            },
            "tags_all": {
              "Name": "hubseq-oregon-dev-acm-cert-2",
              "company": "HubSeq"
            },
            "validation_emails": [],
            "validation_method": "DNS"
          },
          "sensitive_attributes": [],
          "private": "bnVsbA==",
          "dependencies": [
            "aws_route53_zone.main_hubseq"
          ],
          "create_before_destroy": true
        }
      ]
    },
    {
      "mode": "managed",
      "type": "aws_acm_certificate",
      "name": "cert3_hubseq",
      "provider": "provider[\"registry.terraform.io/hashicorp/aws\"]",
      "instances": [
        {
          "schema_version": 0,
          "attributes": {
            "arn": "arn:aws:acm:us-west-2:700080227344:certificate/44f5c5e7-0316-4761-97bf-403e4564b20d",
            "certificate_authority_arn": "",
            "certificate_body": null,
            "certificate_chain": null,
            "domain_name": "demo.hubseq.com",
            "domain_validation_options": [
              {
                "domain_name": "demo.hubseq.com",
                "resource_record_name": "_c063e3fc33efa24da412b82f11c19a35.demo.hubseq.com.",
                "resource_record_type": "CNAME",
                "resource_record_value": "_d5e0f1bfc58b2a1ffe0e174c21360b28.yyqgzzsvtj.acm-validations.aws."
              }
            ],
            "id": "arn:aws:acm:us-west-2:700080227344:certificate/44f5c5e7-0316-4761-97bf-403e4564b20d",
            "options": [
              {
                "certificate_transparency_logging_preference": "ENABLED"
              }
            ],
            "private_key": null,
            "status": "PENDING_VALIDATION",
            "subject_alternative_names": [],
            "tags": {
              "Name": "hubseq-oregon-dev-acm-cert-3",
              "company": "HubSeq"
            },
            "tags_all": {
              "Name": "hubseq-oregon-dev-acm-cert-3",
              "company": "HubSeq"
            },
            "validation_emails": [],
            "validation_method": "DNS"
          },
          "sensitive_attributes": [],
          "private": "bnVsbA==",
          "dependencies": [
            "aws_route53_zone.main_hubseq"
          ],
          "create_before_destroy": true
        }
      ]
    },
    {
      "mode": "managed",
      "type": "aws_acm_certificate",
      "name": "cert_hubseq",
      "provider": "provider[\"registry.terraform.io/hashicorp/aws\"]",
      "instances": [
        {
          "schema_version": 0,
          "attributes": {
            "arn": "arn:aws:acm:us-west-2:700080227344:certificate/33f4584b-b147-4c5a-9c45-af10de4e8f55",
            "certificate_authority_arn": "",
            "certificate_body": null,
            "certificate_chain": null,
            "domain_name": "hubseq.com",
            "domain_validation_options": [
              {
                "domain_name": "hubseq.com",
                "resource_record_name": "_80c6077b9597af3cba499713b4e0df00.hubseq.com.",
                "resource_record_type": "CNAME",
                "resource_record_value": "_eea9e24cd7706abe15fc8ce81044db5d.ltyvprtsjl.acm-validations.aws."
              }
            ],
            "id": "arn:aws:acm:us-west-2:700080227344:certificate/33f4584b-b147-4c5a-9c45-af10de4e8f55",
            "options": [
              {
                "certificate_transparency_logging_preference": "ENABLED"
              }
            ],
            "private_key": null,
            "status": "ISSUED",
            "subject_alternative_names": [],
            "tags": {
              "Name": "hubseq-oregon-dev-acm-cert-1",
              "company": "HubSeq"
            },
            "tags_all": {
              "Name": "hubseq-oregon-dev-acm-cert-1",
              "company": "HubSeq"
            },
            "validation_emails": [],
            "validation_method": "DNS"
          },
          "sensitive_attributes": [],
          "private": "bnVsbA==",
          "dependencies": [
            "aws_route53_zone.main_hubseq"
          ],
          "create_before_destroy": true
        }
      ]
    },
    {
      "mode": "managed",
      "type": "aws_batch_compute_environment",
      "name": "batch_compute_tiny_public",
      "provider": "provider[\"registry.terraform.io/hashicorp/aws\"]",
      "instances": [
        {
          "schema_version": 0,
          "attributes": {
            "arn": "arn:aws:batch:us-west-2:700080227344:compute-environment/batch_compute_tiny_public",
            "compute_environment_name": "batch_compute_tiny_public",
            "compute_environment_name_prefix": "",
            "compute_resources": [
              {
                "allocation_strategy": "",
                "bid_percentage": 0,
                "desired_vcpus": 0,
                "ec2_configuration": [
                  {
                    "image_id_override": "",
                    "image_type": "ECS_AL2"
                  }
                ],
                "ec2_key_pair": "npi_aws_batch",
                "image_id": "ami-08576a4860f85fa6d",
                "instance_role": "arn:aws:iam::700080227344:instance-profile/ecs_instance_role",
                "instance_type": [
                  "m5.large",
                  "m5.xlarge"
                ],
                "launch_template": [],
                "max_vcpus": 256,
                "min_vcpus": 0,
                "security_group_ids": [
                  "sg-04a2428eaabdc5573",
                  "sg-0b50a57eb72db3a1e"
                ],
                "spot_iam_fleet_role": "",
                "subnets": [
                  "subnet-006b096220046e290",
                  "subnet-055bc946ab7a3d117",
                  "subnet-077f33c0fe9e7e604",
                  "subnet-0fa30f015524d724a"
                ],
                "tags": {},
                "type": "EC2"
              }
            ],
            "ecs_cluster_arn": "arn:aws:ecs:us-west-2:700080227344:cluster/batch_compute_tiny_public_Batch_477b7626-6a6d-3c61-a669-987b29598f0a",
            "id": "batch_compute_tiny_public",
            "service_role": "arn:aws:iam::700080227344:role/aws_batch_service_role",
            "state": "ENABLED",
            "status": "VALID",
            "status_reason": "ComputeEnvironment Healthy",
            "tags": {},
            "tags_all": {},
            "type": "MANAGED"
          },
          "sensitive_attributes": [],
          "private": "bnVsbA==",
          "dependencies": [
            "aws_iam_role_policy_attachment.aws_batch_service_role",
            "aws_internet_gateway.igw",
            "aws_subnet.public_subnets",
            "aws_iam_instance_profile.ecs_instance_role",
            "aws_iam_role.aws_batch_service_role",
            "aws_iam_role.ecs_instance_role",
            "aws_security_group.reachable_from_vpc",
            "aws_security_group.reachable_with_ssh",
            "aws_vpc.vpc"
          ]
        }
      ]
    },
    {
      "mode": "managed",
      "type": "aws_batch_job_queue",
      "name": "batch_scratch_queue_public",
      "provider": "provider[\"registry.terraform.io/hashicorp/aws\"]",
      "instances": [
        {
          "schema_version": 0,
          "attributes": {
            "arn": "arn:aws:batch:us-west-2:700080227344:job-queue/batch_scratch_queue_public",
            "compute_environments": [
              "arn:aws:batch:us-west-2:700080227344:compute-environment/batch_compute_tiny_public"
            ],
            "id": "arn:aws:batch:us-west-2:700080227344:job-queue/batch_scratch_queue_public",
            "name": "batch_scratch_queue_public",
            "priority": 1,
            "state": "ENABLED",
            "tags": {},
            "tags_all": {}
          },
          "sensitive_attributes": [],
          "private": "bnVsbA==",
          "dependencies": [
            "aws_iam_instance_profile.ecs_instance_role",
            "aws_iam_role.ecs_instance_role",
            "aws_iam_role_policy_attachment.aws_batch_service_role",
            "aws_security_group.reachable_with_ssh",
            "aws_vpc.vpc",
            "aws_batch_compute_environment.batch_compute_tiny_public",
            "aws_iam_role.aws_batch_service_role",
            "aws_internet_gateway.igw",
            "aws_security_group.reachable_from_vpc",
            "aws_subnet.public_subnets"
          ]
        }
      ]
    },
    {
      "mode": "managed",
      "type": "aws_ecr_repository",
      "name": "bcl2fastq",
      "provider": "provider[\"registry.terraform.io/hashicorp/aws\"]",
      "instances": [
        {
          "schema_version": 0,
          "attributes": {
            "arn": "arn:aws:ecr:us-west-2:700080227344:repository/bcl2fastq",
            "encryption_configuration": [
              {
                "encryption_type": "AES256",
                "kms_key": ""
              }
            ],
            "id": "bcl2fastq",
            "image_scanning_configuration": [
              {
                "scan_on_push": false
              }
            ],
            "image_tag_mutability": "MUTABLE",
            "name": "bcl2fastq",
            "registry_id": "700080227344",
            "repository_url": "700080227344.dkr.ecr.us-west-2.amazonaws.com/bcl2fastq",
            "tags": {
              "Name": "hubseq-oregon-dev-ecr-bcl2fastq",
              "company": "HubSeq"
            },
            "tags_all": {
              "Name": "hubseq-oregon-dev-ecr-bcl2fastq",
              "company": "HubSeq"
            },
            "timeouts": null
          },
          "sensitive_attributes": [],
          "private": "eyJlMmJmYjczMC1lY2FhLTExZTYtOGY4OC0zNDM2M2JjN2M0YzAiOnsiZGVsZXRlIjoxMjAwMDAwMDAwMDAwfX0="
        }
      ]
    },
    {
      "mode": "managed",
      "type": "aws_ecr_repository",
      "name": "bwamem",
      "provider": "provider[\"registry.terraform.io/hashicorp/aws\"]",
      "instances": [
        {
          "schema_version": 0,
          "attributes": {
            "arn": "arn:aws:ecr:us-west-2:700080227344:repository/bwamem",
            "encryption_configuration": [
              {
                "encryption_type": "AES256",
                "kms_key": ""
              }
            ],
            "id": "bwamem",
            "image_scanning_configuration": [
              {
                "scan_on_push": false
              }
            ],
            "image_tag_mutability": "MUTABLE",
            "name": "bwamem",
            "registry_id": "700080227344",
            "repository_url": "700080227344.dkr.ecr.us-west-2.amazonaws.com/bwamem",
            "tags": {
              "Name": "hubseq-oregon-dev-ecr-bwamem",
              "company": "HubSeq"
            },
            "tags_all": {
              "Name": "hubseq-oregon-dev-ecr-bwamem",
              "company": "HubSeq"
            },
            "timeouts": null
          },
          "sensitive_attributes": [],
          "private": "eyJlMmJmYjczMC1lY2FhLTExZTYtOGY4OC0zNDM2M2JjN2M0YzAiOnsiZGVsZXRlIjoxMjAwMDAwMDAwMDAwfX0="
        }
      ]
    },
    {
      "mode": "managed",
      "type": "aws_ecr_repository",
      "name": "bwamem_bam",
      "provider": "provider[\"registry.terraform.io/hashicorp/aws\"]",
      "instances": [
        {
          "schema_version": 0,
          "attributes": {
            "arn": "arn:aws:ecr:us-west-2:700080227344:repository/bwamem_bam",
            "encryption_configuration": [
              {
                "encryption_type": "AES256",
                "kms_key": ""
              }
            ],
            "id": "bwamem_bam",
            "image_scanning_configuration": [
              {
                "scan_on_push": false
              }
            ],
            "image_tag_mutability": "MUTABLE",
            "name": "bwamem_bam",
            "registry_id": "700080227344",
            "repository_url": "700080227344.dkr.ecr.us-west-2.amazonaws.com/bwamem_bam",
            "tags": {
              "Name": "hubseq-oregon-dev-ecr-bwamem-bam",
              "company": "HubSeq"
            },
            "tags_all": {
              "Name": "hubseq-oregon-dev-ecr-bwamem-bam",
              "company": "HubSeq"
            },
            "timeouts": null
          },
          "sensitive_attributes": [],
          "private": "eyJlMmJmYjczMC1lY2FhLTExZTYtOGY4OC0zNDM2M2JjN2M0YzAiOnsiZGVsZXRlIjoxMjAwMDAwMDAwMDAwfX0="
        }
      ]
    },
    {
      "mode": "managed",
      "type": "aws_ecr_repository",
      "name": "fastqc",
      "provider": "provider[\"registry.terraform.io/hashicorp/aws\"]",
      "instances": [
        {
          "schema_version": 0,
          "attributes": {
            "arn": "arn:aws:ecr:us-west-2:700080227344:repository/fastqc",
            "encryption_configuration": [
              {
                "encryption_type": "AES256",
                "kms_key": ""
              }
            ],
            "id": "fastqc",
            "image_scanning_configuration": [
              {
                "scan_on_push": false
              }
            ],
            "image_tag_mutability": "MUTABLE",
            "name": "fastqc",
            "registry_id": "700080227344",
            "repository_url": "700080227344.dkr.ecr.us-west-2.amazonaws.com/fastqc",
            "tags": {
              "Name": "hubseq-oregon-dev-ecr-fastqc",
              "company": "HubSeq"
            },
            "tags_all": {
              "Name": "hubseq-oregon-dev-ecr-fastqc",
              "company": "HubSeq"
            },
            "timeouts": null
          },
          "sensitive_attributes": [],
          "private": "eyJlMmJmYjczMC1lY2FhLTExZTYtOGY4OC0zNDM2M2JjN2M0YzAiOnsiZGVsZXRlIjoxMjAwMDAwMDAwMDAwfX0="
        }
      ]
    },
    {
      "mode": "managed",
      "type": "aws_ecr_repository",
      "name": "mpileup",
      "provider": "provider[\"registry.terraform.io/hashicorp/aws\"]",
      "instances": [
        {
          "schema_version": 0,
          "attributes": {
            "arn": "arn:aws:ecr:us-west-2:700080227344:repository/mpileup",
            "encryption_configuration": [
              {
                "encryption_type": "AES256",
                "kms_key": ""
              }
            ],
            "id": "mpileup",
            "image_scanning_configuration": [
              {
                "scan_on_push": false
              }
            ],
            "image_tag_mutability": "MUTABLE",
            "name": "mpileup",
            "registry_id": "700080227344",
            "repository_url": "700080227344.dkr.ecr.us-west-2.amazonaws.com/mpileup",
            "tags": {
              "Name": "hubseq-oregon-dev-ecr-mpileup",
              "company": "HubSeq"
            },
            "tags_all": {
              "Name": "hubseq-oregon-dev-ecr-mpileup",
              "company": "HubSeq"
            },
            "timeouts": null
          },
          "sensitive_attributes": [],
          "private": "eyJlMmJmYjczMC1lY2FhLTExZTYtOGY4OC0zNDM2M2JjN2M0YzAiOnsiZGVsZXRlIjoxMjAwMDAwMDAwMDAwfX0="
        }
      ]
    },
    {
      "mode": "managed",
      "type": "aws_ecr_repository",
      "name": "testrepo",
      "provider": "provider[\"registry.terraform.io/hashicorp/aws\"]",
      "instances": [
        {
          "schema_version": 0,
          "attributes": {
            "arn": "arn:aws:ecr:us-west-2:700080227344:repository/testrepo",
            "encryption_configuration": [
              {
                "encryption_type": "AES256",
                "kms_key": ""
              }
            ],
            "id": "testrepo",
            "image_scanning_configuration": [
              {
                "scan_on_push": false
              }
            ],
            "image_tag_mutability": "MUTABLE",
            "name": "testrepo",
            "registry_id": "700080227344",
            "repository_url": "700080227344.dkr.ecr.us-west-2.amazonaws.com/testrepo",
            "tags": {
              "Name": "hubseq-oregon-dev-ecr-testrepo",
              "company": "HubSeq"
            },
            "tags_all": {
              "Name": "hubseq-oregon-dev-ecr-testrepo",
              "company": "HubSeq"
            },
            "timeouts": null
          },
          "sensitive_attributes": [],
          "private": "eyJlMmJmYjczMC1lY2FhLTExZTYtOGY4OC0zNDM2M2JjN2M0YzAiOnsiZGVsZXRlIjoxMjAwMDAwMDAwMDAwfX0="
        }
      ]
    },
    {
      "mode": "managed",
      "type": "aws_ecr_repository",
      "name": "varscan2",
      "provider": "provider[\"registry.terraform.io/hashicorp/aws\"]",
      "instances": [
        {
          "schema_version": 0,
          "attributes": {
            "arn": "arn:aws:ecr:us-west-2:700080227344:repository/varscan2",
            "encryption_configuration": [
              {
                "encryption_type": "AES256",
                "kms_key": ""
              }
            ],
            "id": "varscan2",
            "image_scanning_configuration": [
              {
                "scan_on_push": false
              }
            ],
            "image_tag_mutability": "MUTABLE",
            "name": "varscan2",
            "registry_id": "700080227344",
            "repository_url": "700080227344.dkr.ecr.us-west-2.amazonaws.com/varscan2",
            "tags": {
              "Name": "hubseq-oregon-dev-ecr-varscan2",
              "company": "HubSeq"
            },
            "tags_all": {
              "Name": "hubseq-oregon-dev-ecr-varscan2",
              "company": "HubSeq"
            },
            "timeouts": null
          },
          "sensitive_attributes": [],
          "private": "eyJlMmJmYjczMC1lY2FhLTExZTYtOGY4OC0zNDM2M2JjN2M0YzAiOnsiZGVsZXRlIjoxMjAwMDAwMDAwMDAwfX0="
        }
      ]
    },
    {
      "mode": "managed",
      "type": "aws_iam_instance_profile",
      "name": "ecs_instance_role",
      "provider": "provider[\"registry.terraform.io/hashicorp/aws\"]",
      "instances": [
        {
          "schema_version": 0,
          "attributes": {
            "arn": "arn:aws:iam::700080227344:instance-profile/ecs_instance_role",
            "create_date": "2022-01-08T08:16:00Z",
            "id": "ecs_instance_role",
            "name": "ecs_instance_role",
            "name_prefix": null,
            "path": "/",
            "role": "ecs_instance_role",
            "tags": {},
            "tags_all": {},
            "unique_id": "AIPA2GAAIQQIJQBC6HQAT"
          },
          "sensitive_attributes": [],
          "private": "bnVsbA==",
          "dependencies": [
            "aws_iam_role.ecs_instance_role"
          ]
        }
      ]
    },
    {
      "mode": "managed",
      "type": "aws_iam_role",
      "name": "aws_batch_service_role",
      "provider": "provider[\"registry.terraform.io/hashicorp/aws\"]",
      "instances": [
        {
          "schema_version": 0,
          "attributes": {
            "arn": "arn:aws:iam::700080227344:role/aws_batch_service_role",
            "assume_role_policy": "{\"Version\":\"2012-10-17\",\"Statement\":[{\"Effect\":\"Allow\",\"Principal\":{\"Service\":\"batch.amazonaws.com\"},\"Action\":\"sts:AssumeRole\"}]}",
            "create_date": "2022-01-08T08:15:58Z",
            "description": "",
            "force_detach_policies": false,
            "id": "aws_batch_service_role",
            "inline_policy": [
              {
                "name": "",
                "policy": ""
              }
            ],
            "managed_policy_arns": [
              "arn:aws:iam::aws:policy/service-role/AWSBatchServiceRole"
            ],
            "max_session_duration": 3600,
            "name": "aws_batch_service_role",
            "name_prefix": "",
            "path": "/",
            "permissions_boundary": null,
            "tags": {},
            "tags_all": {},
            "unique_id": "AROA2GAAIQQIAXSDELUKI"
          },
          "sensitive_attributes": [],
          "private": "bnVsbA=="
        }
      ]
    },
    {
      "mode": "managed",
      "type": "aws_iam_role",
      "name": "ecs_batch_service_role",
      "provider": "provider[\"registry.terraform.io/hashicorp/aws\"]",
      "instances": [
        {
          "schema_version": 0,
          "attributes": {
            "arn": "arn:aws:iam::700080227344:role/ecs_batch_service_role",
            "assume_role_policy": "{\"Version\":\"2012-10-17\",\"Statement\":[{\"Effect\":\"Allow\",\"Principal\":{\"Service\":[\"ec2.amazonaws.com\",\"ecs-tasks.amazonaws.com\",\"ecs.amazonaws.com\"]},\"Action\":\"sts:AssumeRole\"}]}",
            "create_date": "2022-01-08T08:15:58Z",
            "description": "",
            "force_detach_policies": false,
            "id": "ecs_batch_service_role",
            "inline_policy": [
              {
                "name": "",
                "policy": ""
              }
            ],
            "managed_policy_arns": [
              "arn:aws:iam::aws:policy/AmazonEC2ContainerRegistryFullAccess",
              "arn:aws:iam::aws:policy/AmazonECS_FullAccess",
              "arn:aws:iam::aws:policy/AmazonS3FullAccess",
              "arn:aws:iam::aws:policy/CloudWatchFullAccess",
              "arn:aws:iam::aws:policy/service-role/AWSBatchServiceRole",
              "arn:aws:iam::aws:policy/service-role/AmazonEC2ContainerServiceRole"
            ],
            "max_session_duration": 3600,
            "name": "ecs_batch_service_role",
            "name_prefix": "",
            "path": "/",
            "permissions_boundary": null,
            "tags": {},
            "tags_all": {},
            "unique_id": "AROA2GAAIQQIN23X4C4SV"
          },
          "sensitive_attributes": [],
          "private": "bnVsbA=="
        }
      ]
    },
    {
      "mode": "managed",
      "type": "aws_iam_role",
      "name": "ecs_instance_role",
      "provider": "provider[\"registry.terraform.io/hashicorp/aws\"]",
      "instances": [
        {
          "schema_version": 0,
          "attributes": {
            "arn": "arn:aws:iam::700080227344:role/ecs_instance_role",
            "assume_role_policy": "{\"Version\":\"2012-10-17\",\"Statement\":[{\"Effect\":\"Allow\",\"Principal\":{\"Service\":\"ec2.amazonaws.com\"},\"Action\":\"sts:AssumeRole\"}]}",
            "create_date": "2022-01-08T08:15:58Z",
            "description": "",
            "force_detach_policies": false,
            "id": "ecs_instance_role",
            "inline_policy": [
              {
                "name": "",
                "policy": ""
              }
            ],
            "managed_policy_arns": [
              "arn:aws:iam::aws:policy/AmazonEC2ContainerRegistryFullAccess",
              "arn:aws:iam::aws:policy/AmazonS3FullAccess",
              "arn:aws:iam::aws:policy/service-role/AmazonEC2ContainerServiceforEC2Role"
            ],
            "max_session_duration": 3600,
            "name": "ecs_instance_role",
            "name_prefix": "",
            "path": "/",
            "permissions_boundary": null,
            "tags": {},
            "tags_all": {},
            "unique_id": "AROA2GAAIQQIO66AEL5PE"
          },
          "sensitive_attributes": [],
          "private": "bnVsbA=="
        }
      ]
    },
    {
      "mode": "managed",
      "type": "aws_iam_role_policy_attachment",
      "name": "aws_batch_service_role",
      "provider": "provider[\"registry.terraform.io/hashicorp/aws\"]",
      "instances": [
        {
          "schema_version": 0,
          "attributes": {
            "id": "aws_batch_service_role-20220108081600142200000001",
            "policy_arn": "arn:aws:iam::aws:policy/service-role/AWSBatchServiceRole",
            "role": "aws_batch_service_role"
          },
          "sensitive_attributes": [],
          "private": "bnVsbA==",
          "dependencies": [
            "aws_iam_role.aws_batch_service_role"
          ]
        }
      ]
    },
    {
      "mode": "managed",
      "type": "aws_iam_role_policy_attachment",
      "name": "ecs_batch_service_role",
      "provider": "provider[\"registry.terraform.io/hashicorp/aws\"]",
      "instances": [
        {
          "index_key": 0,
          "schema_version": 0,
          "attributes": {
            "id": "ecs_batch_service_role-20220108081600162500000003",
            "policy_arn": "arn:aws:iam::aws:policy/AmazonEC2ContainerRegistryFullAccess",
            "role": "ecs_batch_service_role"
          },
          "sensitive_attributes": [],
          "private": "bnVsbA==",
          "dependencies": [
            "aws_iam_role.ecs_batch_service_role"
          ]
        },
        {
          "index_key": 1,
          "schema_version": 0,
          "attributes": {
            "id": "ecs_batch_service_role-20220108081600148800000002",
            "policy_arn": "arn:aws:iam::aws:policy/AmazonS3FullAccess",
            "role": "ecs_batch_service_role"
          },
          "sensitive_attributes": [],
          "private": "bnVsbA==",
          "dependencies": [
            "aws_iam_role.ecs_batch_service_role"
          ]
        },
        {
          "index_key": 2,
          "schema_version": 0,
          "attributes": {
            "id": "ecs_batch_service_role-20220108081600182700000007",
            "policy_arn": "arn:aws:iam::aws:policy/CloudWatchFullAccess",
            "role": "ecs_batch_service_role"
          },
          "sensitive_attributes": [],
          "private": "bnVsbA==",
          "dependencies": [
            "aws_iam_role.ecs_batch_service_role"
          ]
        },
        {
          "index_key": 3,
          "schema_version": 0,
          "attributes": {
            "id": "ecs_batch_service_role-20220108081600164300000005",
            "policy_arn": "arn:aws:iam::aws:policy/AmazonECS_FullAccess",
            "role": "ecs_batch_service_role"
          },
          "sensitive_attributes": [],
          "private": "bnVsbA==",
          "dependencies": [
            "aws_iam_role.ecs_batch_service_role"
          ]
        },
        {
          "index_key": 4,
          "schema_version": 0,
          "attributes": {
            "id": "ecs_batch_service_role-20220108081600164300000004",
            "policy_arn": "arn:aws:iam::aws:policy/service-role/AmazonEC2ContainerServiceRole",
            "role": "ecs_batch_service_role"
          },
          "sensitive_attributes": [],
          "private": "bnVsbA==",
          "dependencies": [
            "aws_iam_role.ecs_batch_service_role"
          ]
        },
        {
          "index_key": 5,
          "schema_version": 0,
          "attributes": {
            "id": "ecs_batch_service_role-20220108081600173400000006",
            "policy_arn": "arn:aws:iam::aws:policy/service-role/AWSBatchServiceRole",
            "role": "ecs_batch_service_role"
          },
          "sensitive_attributes": [],
          "private": "bnVsbA==",
          "dependencies": [
            "aws_iam_role.ecs_batch_service_role"
          ]
        }
      ]
    },
    {
      "mode": "managed",
      "type": "aws_iam_role_policy_attachment",
      "name": "ecs_instance_role",
      "provider": "provider[\"registry.terraform.io/hashicorp/aws\"]",
      "instances": [
        {
          "index_key": 0,
          "schema_version": 0,
          "attributes": {
            "id": "ecs_instance_role-20220108081600227000000008",
            "policy_arn": "arn:aws:iam::aws:policy/service-role/AmazonEC2ContainerServiceforEC2Role",
            "role": "ecs_instance_role"
          },
          "sensitive_attributes": [],
          "private": "bnVsbA==",
          "dependencies": [
            "aws_iam_role.ecs_instance_role"
          ]
        },
        {
          "index_key": 1,
          "schema_version": 0,
          "attributes": {
            "id": "ecs_instance_role-20220109233838804200000001",
            "policy_arn": "arn:aws:iam::aws:policy/AmazonS3FullAccess",
            "role": "ecs_instance_role"
          },
          "sensitive_attributes": [],
          "private": "bnVsbA==",
          "dependencies": [
            "aws_iam_role.ecs_instance_role"
          ]
        },
        {
          "index_key": 2,
          "schema_version": 0,
          "attributes": {
            "id": "ecs_instance_role-20220119034753350500000001",
            "policy_arn": "arn:aws:iam::aws:policy/AmazonEC2ContainerRegistryFullAccess",
            "role": "ecs_instance_role"
          },
          "sensitive_attributes": [],
          "private": "bnVsbA==",
          "dependencies": [
            "aws_iam_role.ecs_instance_role"
          ]
        }
      ]
    },
    {
      "mode": "managed",
      "type": "aws_internet_gateway",
      "name": "igw",
      "provider": "provider[\"registry.terraform.io/hashicorp/aws\"]",
      "instances": [
        {
          "schema_version": 0,
          "attributes": {
            "arn": "arn:aws:ec2:us-west-2:700080227344:internet-gateway/igw-0fbf519a226a466ae",
            "id": "igw-0fbf519a226a466ae",
            "owner_id": "700080227344",
            "tags": {
              "Name": "hubseq-oregon-dev-igw",
              "company": "HubSeq"
            },
            "tags_all": {
              "Name": "hubseq-oregon-dev-igw",
              "company": "HubSeq"
            },
            "vpc_id": "vpc-0cffea4f90e4ab656"
          },
          "sensitive_attributes": [],
          "private": "bnVsbA==",
          "dependencies": [
            "aws_vpc.vpc"
          ]
        }
      ]
    },
    {
      "mode": "managed",
      "type": "aws_lb",
      "name": "data_front_end_nlb1",
      "provider": "provider[\"registry.terraform.io/hashicorp/aws\"]",
      "instances": [
        {
          "schema_version": 0,
          "attributes": {
            "access_logs": [
              {
                "bucket": "",
                "enabled": false,
                "prefix": ""
              }
            ],
            "arn": "arn:aws:elasticloadbalancing:us-west-2:700080227344:loadbalancer/net/nlb-front-end-data-public/4973dbba55eedc13",
            "arn_suffix": "net/nlb-front-end-data-public/4973dbba55eedc13",
            "customer_owned_ipv4_pool": "",
            "desync_mitigation_mode": null,
            "dns_name": "nlb-front-end-data-public-4973dbba55eedc13.elb.us-west-2.amazonaws.com",
            "drop_invalid_header_fields": null,
            "enable_cross_zone_load_balancing": false,
            "enable_deletion_protection": false,
            "enable_http2": null,
            "enable_waf_fail_open": null,
            "id": "arn:aws:elasticloadbalancing:us-west-2:700080227344:loadbalancer/net/nlb-front-end-data-public/4973dbba55eedc13",
            "idle_timeout": null,
            "internal": false,
            "ip_address_type": "ipv4",
            "load_balancer_type": "network",
            "name": "nlb-front-end-data-public",
            "name_prefix": null,
            "security_groups": [],
            "subnet_mapping": [
              {
                "allocation_id": "",
                "ipv6_address": "",
                "outpost_id": "",
                "private_ipv4_address": "",
                "subnet_id": "subnet-006b096220046e290"
              },
              {
                "allocation_id": "",
                "ipv6_address": "",
                "outpost_id": "",
                "private_ipv4_address": "",
                "subnet_id": "subnet-055bc946ab7a3d117"
              },
              {
                "allocation_id": "",
                "ipv6_address": "",
                "outpost_id": "",
                "private_ipv4_address": "",
                "subnet_id": "subnet-077f33c0fe9e7e604"
              },
              {
                "allocation_id": "",
                "ipv6_address": "",
                "outpost_id": "",
                "private_ipv4_address": "",
                "subnet_id": "subnet-0fa30f015524d724a"
              }
            ],
            "subnets": [
              "subnet-006b096220046e290",
              "subnet-055bc946ab7a3d117",
              "subnet-077f33c0fe9e7e604",
              "subnet-0fa30f015524d724a"
            ],
            "tags": {
              "Name": "hubseq-oregon-dev-nlb-data-frontend",
              "company": "HubSeq"
            },
            "tags_all": {
              "Name": "hubseq-oregon-dev-nlb-data-frontend",
              "company": "HubSeq"
            },
            "timeouts": null,
            "vpc_id": "vpc-0cffea4f90e4ab656",
            "zone_id": "Z18D5FSROUN65G"
          },
          "sensitive_attributes": [],
          "private": "eyJlMmJmYjczMC1lY2FhLTExZTYtOGY4OC0zNDM2M2JjN2M0YzAiOnsiY3JlYXRlIjo2MDAwMDAwMDAwMDAsImRlbGV0ZSI6NjAwMDAwMDAwMDAwLCJ1cGRhdGUiOjYwMDAwMDAwMDAwMH19",
          "dependencies": [
            "aws_subnet.public_subnets",
            "aws_vpc.vpc"
          ]
        }
      ]
    },
    {
      "mode": "managed",
      "type": "aws_lb",
      "name": "demo_front_end_nlb1",
      "provider": "provider[\"registry.terraform.io/hashicorp/aws\"]",
      "instances": [
        {
          "schema_version": 0,
          "attributes": {
            "access_logs": [
              {
                "bucket": "",
                "enabled": false,
                "prefix": ""
              }
            ],
            "arn": "arn:aws:elasticloadbalancing:us-west-2:700080227344:loadbalancer/net/nlb-front-end-demo-public/f05624817851b2ce",
            "arn_suffix": "net/nlb-front-end-demo-public/f05624817851b2ce",
            "customer_owned_ipv4_pool": "",
            "desync_mitigation_mode": null,
            "dns_name": "nlb-front-end-demo-public-f05624817851b2ce.elb.us-west-2.amazonaws.com",
            "drop_invalid_header_fields": null,
            "enable_cross_zone_load_balancing": false,
            "enable_deletion_protection": false,
            "enable_http2": null,
            "enable_waf_fail_open": null,
            "id": "arn:aws:elasticloadbalancing:us-west-2:700080227344:loadbalancer/net/nlb-front-end-demo-public/f05624817851b2ce",
            "idle_timeout": null,
            "internal": false,
            "ip_address_type": "ipv4",
            "load_balancer_type": "network",
            "name": "nlb-front-end-demo-public",
            "name_prefix": null,
            "security_groups": [],
            "subnet_mapping": [
              {
                "allocation_id": "",
                "ipv6_address": "",
                "outpost_id": "",
                "private_ipv4_address": "",
                "subnet_id": "subnet-006b096220046e290"
              },
              {
                "allocation_id": "",
                "ipv6_address": "",
                "outpost_id": "",
                "private_ipv4_address": "",
                "subnet_id": "subnet-055bc946ab7a3d117"
              },
              {
                "allocation_id": "",
                "ipv6_address": "",
                "outpost_id": "",
                "private_ipv4_address": "",
                "subnet_id": "subnet-077f33c0fe9e7e604"
              },
              {
                "allocation_id": "",
                "ipv6_address": "",
                "outpost_id": "",
                "private_ipv4_address": "",
                "subnet_id": "subnet-0fa30f015524d724a"
              }
            ],
            "subnets": [
              "subnet-006b096220046e290",
              "subnet-055bc946ab7a3d117",
              "subnet-077f33c0fe9e7e604",
              "subnet-0fa30f015524d724a"
            ],
            "tags": {
              "Name": "hubseq-oregon-dev-nlb-demo-frontend",
              "company": "HubSeq"
            },
            "tags_all": {
              "Name": "hubseq-oregon-dev-nlb-demo-frontend",
              "company": "HubSeq"
            },
            "timeouts": null,
            "vpc_id": "vpc-0cffea4f90e4ab656",
            "zone_id": "Z18D5FSROUN65G"
          },
          "sensitive_attributes": [],
          "private": "eyJlMmJmYjczMC1lY2FhLTExZTYtOGY4OC0zNDM2M2JjN2M0YzAiOnsiY3JlYXRlIjo2MDAwMDAwMDAwMDAsImRlbGV0ZSI6NjAwMDAwMDAwMDAwLCJ1cGRhdGUiOjYwMDAwMDAwMDAwMH19",
          "dependencies": [
            "aws_subnet.public_subnets"
          ]
        }
      ]
    },
    {
      "mode": "managed",
      "type": "aws_lb_listener",
      "name": "front_end_nlb_listener_data1",
      "provider": "provider[\"registry.terraform.io/hashicorp/aws\"]",
      "instances": [
        {
          "schema_version": 0,
          "attributes": {
            "alpn_policy": null,
            "arn": "arn:aws:elasticloadbalancing:us-west-2:700080227344:listener/net/nlb-front-end-data-public/4973dbba55eedc13/2ca13a8321daf43f",
            "certificate_arn": null,
            "default_action": [
              {
                "authenticate_cognito": [],
                "authenticate_oidc": [],
                "fixed_response": [],
                "forward": [],
                "order": 1,
                "redirect": [],
                "target_group_arn": "arn:aws:elasticloadbalancing:us-west-2:700080227344:targetgroup/front-end-tg-data-1/70244983d23d00d3",
                "type": "forward"
              }
            ],
            "id": "arn:aws:elasticloadbalancing:us-west-2:700080227344:listener/net/nlb-front-end-data-public/4973dbba55eedc13/2ca13a8321daf43f",
            "load_balancer_arn": "arn:aws:elasticloadbalancing:us-west-2:700080227344:loadbalancer/net/nlb-front-end-data-public/4973dbba55eedc13",
            "port": 80,
            "protocol": "TCP",
            "ssl_policy": "",
            "tags": {
              "Name": "hubseq-oregon-dev-nlb-listener-data-frontend",
              "company": "HubSeq"
            },
            "tags_all": {
              "Name": "hubseq-oregon-dev-nlb-listener-data-frontend",
              "company": "HubSeq"
            },
            "timeouts": null
          },
          "sensitive_attributes": [],
          "private": "eyJlMmJmYjczMC1lY2FhLTExZTYtOGY4OC0zNDM2M2JjN2M0YzAiOnsicmVhZCI6NjAwMDAwMDAwMDAwfX0=",
          "dependencies": [
            "aws_lb.data_front_end_nlb1",
            "aws_lb_target_group.front_end_tg_data1",
            "aws_subnet.public_subnets",
            "aws_vpc.vpc"
          ]
        }
      ]
    },
    {
      "mode": "managed",
      "type": "aws_lb_listener",
      "name": "front_end_nlb_listener_data1b",
      "provider": "provider[\"registry.terraform.io/hashicorp/aws\"]",
      "instances": [
        {
          "schema_version": 0,
          "attributes": {
            "alpn_policy": null,
            "arn": "arn:aws:elasticloadbalancing:us-west-2:700080227344:listener/net/nlb-front-end-data-public/4973dbba55eedc13/17953b05aadb43e1",
            "certificate_arn": null,
            "default_action": [
              {
                "authenticate_cognito": [],
                "authenticate_oidc": [],
                "fixed_response": [],
                "forward": [],
                "order": 1,
                "redirect": [],
                "target_group_arn": "arn:aws:elasticloadbalancing:us-west-2:700080227344:targetgroup/front-end-tg-data-1b/05d02858655e145d",
                "type": "forward"
              }
            ],
            "id": "arn:aws:elasticloadbalancing:us-west-2:700080227344:listener/net/nlb-front-end-data-public/4973dbba55eedc13/17953b05aadb43e1",
            "load_balancer_arn": "arn:aws:elasticloadbalancing:us-west-2:700080227344:loadbalancer/net/nlb-front-end-data-public/4973dbba55eedc13",
            "port": 8080,
            "protocol": "TCP",
            "ssl_policy": "",
            "tags": {
              "Name": "hubseq-oregon-dev-nlb-listener-data1b-frontend",
              "company": "HubSeq"
            },
            "tags_all": {
              "Name": "hubseq-oregon-dev-nlb-listener-data1b-frontend",
              "company": "HubSeq"
            },
            "timeouts": null
          },
          "sensitive_attributes": [],
          "private": "eyJlMmJmYjczMC1lY2FhLTExZTYtOGY4OC0zNDM2M2JjN2M0YzAiOnsicmVhZCI6NjAwMDAwMDAwMDAwfX0=",
          "dependencies": [
            "aws_lb_target_group.front_end_tg_data1b",
            "aws_subnet.public_subnets",
            "aws_vpc.vpc",
            "aws_lb.data_front_end_nlb1"
          ]
        }
      ]
    },
    {
      "mode": "managed",
      "type": "aws_lb_listener",
      "name": "front_end_nlb_listener_data1c",
      "provider": "provider[\"registry.terraform.io/hashicorp/aws\"]",
      "instances": [
        {
          "schema_version": 0,
          "attributes": {
            "alpn_policy": null,
            "arn": "arn:aws:elasticloadbalancing:us-west-2:700080227344:listener/net/nlb-front-end-data-public/4973dbba55eedc13/300fb02c3e0614c5",
            "certificate_arn": null,
            "default_action": [
              {
                "authenticate_cognito": [],
                "authenticate_oidc": [],
                "fixed_response": [],
                "forward": [],
                "order": 1,
                "redirect": [],
                "target_group_arn": "arn:aws:elasticloadbalancing:us-west-2:700080227344:targetgroup/front-end-tg-data-1c/5f3fce9ba135846e",
                "type": "forward"
              }
            ],
            "id": "arn:aws:elasticloadbalancing:us-west-2:700080227344:listener/net/nlb-front-end-data-public/4973dbba55eedc13/300fb02c3e0614c5",
            "load_balancer_arn": "arn:aws:elasticloadbalancing:us-west-2:700080227344:loadbalancer/net/nlb-front-end-data-public/4973dbba55eedc13",
            "port": 8081,
            "protocol": "TCP",
            "ssl_policy": "",
            "tags": {
              "Name": "hubseq-oregon-dev-nlb-listener-data1c-frontend",
              "company": "HubSeq"
            },
            "tags_all": {
              "Name": "hubseq-oregon-dev-nlb-listener-data1c-frontend",
              "company": "HubSeq"
            },
            "timeouts": null
          },
          "sensitive_attributes": [],
          "private": "eyJlMmJmYjczMC1lY2FhLTExZTYtOGY4OC0zNDM2M2JjN2M0YzAiOnsicmVhZCI6NjAwMDAwMDAwMDAwfX0=",
          "dependencies": [
            "aws_lb_target_group.front_end_tg_data1c",
            "aws_subnet.public_subnets",
            "aws_vpc.vpc",
            "aws_lb.data_front_end_nlb1"
          ]
        }
      ]
    },
    {
      "mode": "managed",
      "type": "aws_lb_listener",
      "name": "front_end_nlb_listener_data1d",
      "provider": "provider[\"registry.terraform.io/hashicorp/aws\"]",
      "instances": [
        {
          "schema_version": 0,
          "attributes": {
            "alpn_policy": null,
            "arn": "arn:aws:elasticloadbalancing:us-west-2:700080227344:listener/net/nlb-front-end-data-public/4973dbba55eedc13/4ec6de345e714ab3",
            "certificate_arn": null,
            "default_action": [
              {
                "authenticate_cognito": [],
                "authenticate_oidc": [],
                "fixed_response": [],
                "forward": [],
                "order": 1,
                "redirect": [],
                "target_group_arn": "arn:aws:elasticloadbalancing:us-west-2:700080227344:targetgroup/front-end-tg-data-1d/2e4d0c2fdb30608e",
                "type": "forward"
              }
            ],
            "id": "arn:aws:elasticloadbalancing:us-west-2:700080227344:listener/net/nlb-front-end-data-public/4973dbba55eedc13/4ec6de345e714ab3",
            "load_balancer_arn": "arn:aws:elasticloadbalancing:us-west-2:700080227344:loadbalancer/net/nlb-front-end-data-public/4973dbba55eedc13",
            "port": 8082,
            "protocol": "TCP",
            "ssl_policy": "",
            "tags": {
              "Name": "hubseq-oregon-dev-nlb-listener-data1d-frontend",
              "company": "HubSeq"
            },
            "tags_all": {
              "Name": "hubseq-oregon-dev-nlb-listener-data1d-frontend",
              "company": "HubSeq"
            },
            "timeouts": null
          },
          "sensitive_attributes": [],
          "private": "eyJlMmJmYjczMC1lY2FhLTExZTYtOGY4OC0zNDM2M2JjN2M0YzAiOnsicmVhZCI6NjAwMDAwMDAwMDAwfX0=",
          "dependencies": [
            "aws_vpc.vpc",
            "aws_lb.data_front_end_nlb1",
            "aws_lb_target_group.front_end_tg_data1d",
            "aws_subnet.public_subnets"
          ]
        }
      ]
    },
    {
      "mode": "managed",
      "type": "aws_lb_listener",
      "name": "front_end_nlb_listener_demo1",
      "provider": "provider[\"registry.terraform.io/hashicorp/aws\"]",
      "instances": [
        {
          "schema_version": 0,
          "attributes": {
            "alpn_policy": null,
            "arn": "arn:aws:elasticloadbalancing:us-west-2:700080227344:listener/net/nlb-front-end-demo-public/f05624817851b2ce/2a1caf8d4979fdbb",
            "certificate_arn": null,
            "default_action": [
              {
                "authenticate_cognito": [],
                "authenticate_oidc": [],
                "fixed_response": [],
                "forward": [],
                "order": 1,
                "redirect": [],
                "target_group_arn": "arn:aws:elasticloadbalancing:us-west-2:700080227344:targetgroup/front-end-tg-demo-1/413da5d83d6688a0",
                "type": "forward"
              }
            ],
            "id": "arn:aws:elasticloadbalancing:us-west-2:700080227344:listener/net/nlb-front-end-demo-public/f05624817851b2ce/2a1caf8d4979fdbb",
            "load_balancer_arn": "arn:aws:elasticloadbalancing:us-west-2:700080227344:loadbalancer/net/nlb-front-end-demo-public/f05624817851b2ce",
            "port": 80,
            "protocol": "TCP",
            "ssl_policy": "",
            "tags": {
              "Name": "hubseq-oregon-dev-nlb-listener-demo-frontend",
              "company": "HubSeq"
            },
            "tags_all": {
              "Name": "hubseq-oregon-dev-nlb-listener-demo-frontend",
              "company": "HubSeq"
            },
            "timeouts": null
          },
          "sensitive_attributes": [],
          "private": "eyJlMmJmYjczMC1lY2FhLTExZTYtOGY4OC0zNDM2M2JjN2M0YzAiOnsicmVhZCI6NjAwMDAwMDAwMDAwfX0=",
          "dependencies": [
            "aws_lb.demo_front_end_nlb1",
            "aws_lb_target_group.front_end_tg_demo1",
            "aws_subnet.public_subnets",
            "aws_vpc.vpc"
          ]
        }
      ]
    },
    {
      "mode": "managed",
      "type": "aws_lb_listener",
      "name": "front_end_nlb_listener_demo1b",
      "provider": "provider[\"registry.terraform.io/hashicorp/aws\"]",
      "instances": [
        {
          "schema_version": 0,
          "attributes": {
            "alpn_policy": null,
            "arn": "arn:aws:elasticloadbalancing:us-west-2:700080227344:listener/net/nlb-front-end-demo-public/f05624817851b2ce/2cdc895ef034bcd0",
            "certificate_arn": null,
            "default_action": [
              {
                "authenticate_cognito": [],
                "authenticate_oidc": [],
                "fixed_response": [],
                "forward": [],
                "order": 1,
                "redirect": [],
                "target_group_arn": "arn:aws:elasticloadbalancing:us-west-2:700080227344:targetgroup/front-end-tg-demo-1b/d0e272273189da40",
                "type": "forward"
              }
            ],
            "id": "arn:aws:elasticloadbalancing:us-west-2:700080227344:listener/net/nlb-front-end-demo-public/f05624817851b2ce/2cdc895ef034bcd0",
            "load_balancer_arn": "arn:aws:elasticloadbalancing:us-west-2:700080227344:loadbalancer/net/nlb-front-end-demo-public/f05624817851b2ce",
            "port": 8080,
            "protocol": "TCP",
            "ssl_policy": "",
            "tags": {
              "Name": "hubseq-oregon-dev-nlb-listener-demo1b-frontend",
              "company": "HubSeq"
            },
            "tags_all": {
              "Name": "hubseq-oregon-dev-nlb-listener-demo1b-frontend",
              "company": "HubSeq"
            },
            "timeouts": null
          },
          "sensitive_attributes": [],
          "private": "eyJlMmJmYjczMC1lY2FhLTExZTYtOGY4OC0zNDM2M2JjN2M0YzAiOnsicmVhZCI6NjAwMDAwMDAwMDAwfX0=",
          "dependencies": [
            "aws_lb.demo_front_end_nlb1",
            "aws_lb_target_group.front_end_tg_demo1b",
            "aws_subnet.public_subnets",
            "aws_vpc.vpc"
          ]
        }
      ]
    },
    {
      "mode": "managed",
      "type": "aws_lb_listener",
      "name": "front_end_nlb_listener_demo1c",
      "provider": "provider[\"registry.terraform.io/hashicorp/aws\"]",
      "instances": [
        {
          "schema_version": 0,
          "attributes": {
            "alpn_policy": null,
            "arn": "arn:aws:elasticloadbalancing:us-west-2:700080227344:listener/net/nlb-front-end-demo-public/f05624817851b2ce/8c296a21eec80e21",
            "certificate_arn": null,
            "default_action": [
              {
                "authenticate_cognito": [],
                "authenticate_oidc": [],
                "fixed_response": [],
                "forward": [],
                "order": 1,
                "redirect": [],
                "target_group_arn": "arn:aws:elasticloadbalancing:us-west-2:700080227344:targetgroup/front-end-tg-demo-1c/9e990862b688d353",
                "type": "forward"
              }
            ],
            "id": "arn:aws:elasticloadbalancing:us-west-2:700080227344:listener/net/nlb-front-end-demo-public/f05624817851b2ce/8c296a21eec80e21",
            "load_balancer_arn": "arn:aws:elasticloadbalancing:us-west-2:700080227344:loadbalancer/net/nlb-front-end-demo-public/f05624817851b2ce",
            "port": 8081,
            "protocol": "TCP",
            "ssl_policy": "",
            "tags": {
              "Name": "hubseq-oregon-dev-nlb-listener-demo1c-frontend",
              "company": "HubSeq"
            },
            "tags_all": {
              "Name": "hubseq-oregon-dev-nlb-listener-demo1c-frontend",
              "company": "HubSeq"
            },
            "timeouts": null
          },
          "sensitive_attributes": [],
          "private": "eyJlMmJmYjczMC1lY2FhLTExZTYtOGY4OC0zNDM2M2JjN2M0YzAiOnsicmVhZCI6NjAwMDAwMDAwMDAwfX0=",
          "dependencies": [
            "aws_lb.demo_front_end_nlb1",
            "aws_lb_target_group.front_end_tg_demo1c",
            "aws_subnet.public_subnets",
            "aws_vpc.vpc"
          ]
        }
      ]
    },
    {
      "mode": "managed",
      "type": "aws_lb_listener",
      "name": "front_end_nlb_listener_demo1d",
      "provider": "provider[\"registry.terraform.io/hashicorp/aws\"]",
      "instances": [
        {
          "schema_version": 0,
          "attributes": {
            "alpn_policy": null,
            "arn": "arn:aws:elasticloadbalancing:us-west-2:700080227344:listener/net/nlb-front-end-demo-public/f05624817851b2ce/e66f3e344f05bdef",
            "certificate_arn": null,
            "default_action": [
              {
                "authenticate_cognito": [],
                "authenticate_oidc": [],
                "fixed_response": [],
                "forward": [],
                "order": 1,
                "redirect": [],
                "target_group_arn": "arn:aws:elasticloadbalancing:us-west-2:700080227344:targetgroup/front-end-tg-demo-1d/1ee6318700f8439b",
                "type": "forward"
              }
            ],
            "id": "arn:aws:elasticloadbalancing:us-west-2:700080227344:listener/net/nlb-front-end-demo-public/f05624817851b2ce/e66f3e344f05bdef",
            "load_balancer_arn": "arn:aws:elasticloadbalancing:us-west-2:700080227344:loadbalancer/net/nlb-front-end-demo-public/f05624817851b2ce",
            "port": 8082,
            "protocol": "TCP",
            "ssl_policy": "",
            "tags": {
              "Name": "hubseq-oregon-dev-nlb-listener-demo1d-frontend",
              "company": "HubSeq"
            },
            "tags_all": {
              "Name": "hubseq-oregon-dev-nlb-listener-demo1d-frontend",
              "company": "HubSeq"
            },
            "timeouts": null
          },
          "sensitive_attributes": [],
          "private": "eyJlMmJmYjczMC1lY2FhLTExZTYtOGY4OC0zNDM2M2JjN2M0YzAiOnsicmVhZCI6NjAwMDAwMDAwMDAwfX0=",
          "dependencies": [
            "aws_lb.demo_front_end_nlb1",
            "aws_lb_target_group.front_end_tg_demo1d",
            "aws_subnet.public_subnets",
            "aws_vpc.vpc"
          ]
        }
      ]
    },
    {
      "mode": "managed",
      "type": "aws_lb_listener",
      "name": "front_end_nlb_listener_demo1e",
      "provider": "provider[\"registry.terraform.io/hashicorp/aws\"]",
      "instances": [
        {
          "schema_version": 0,
          "attributes": {
            "alpn_policy": null,
            "arn": "arn:aws:elasticloadbalancing:us-west-2:700080227344:listener/net/nlb-front-end-demo-public/f05624817851b2ce/b47f1e2031a5042e",
            "certificate_arn": null,
            "default_action": [
              {
                "authenticate_cognito": [],
                "authenticate_oidc": [],
                "fixed_response": [],
                "forward": [],
                "order": 1,
                "redirect": [],
                "target_group_arn": "arn:aws:elasticloadbalancing:us-west-2:700080227344:targetgroup/front-end-tg-demo-1e/4bfb7403bf06b32e",
                "type": "forward"
              }
            ],
            "id": "arn:aws:elasticloadbalancing:us-west-2:700080227344:listener/net/nlb-front-end-demo-public/f05624817851b2ce/b47f1e2031a5042e",
            "load_balancer_arn": "arn:aws:elasticloadbalancing:us-west-2:700080227344:loadbalancer/net/nlb-front-end-demo-public/f05624817851b2ce",
            "port": 8083,
            "protocol": "TCP",
            "ssl_policy": "",
            "tags": {
              "Name": "hubseq-oregon-dev-nlb-listener-demo1e-frontend",
              "company": "HubSeq"
            },
            "tags_all": {
              "Name": "hubseq-oregon-dev-nlb-listener-demo1e-frontend",
              "company": "HubSeq"
            },
            "timeouts": null
          },
          "sensitive_attributes": [],
          "private": "eyJlMmJmYjczMC1lY2FhLTExZTYtOGY4OC0zNDM2M2JjN2M0YzAiOnsicmVhZCI6NjAwMDAwMDAwMDAwfX0=",
          "dependencies": [
            "aws_lb.demo_front_end_nlb1",
            "aws_lb_target_group.front_end_tg_demo1e",
            "aws_subnet.public_subnets",
            "aws_vpc.vpc"
          ]
        }
      ]
    },
    {
      "mode": "managed",
      "type": "aws_lb_target_group",
      "name": "front_end_tg_data1",
      "provider": "provider[\"registry.terraform.io/hashicorp/aws\"]",
      "instances": [
        {
          "schema_version": 0,
          "attributes": {
            "arn": "arn:aws:elasticloadbalancing:us-west-2:700080227344:targetgroup/front-end-tg-data-1/70244983d23d00d3",
            "arn_suffix": "targetgroup/front-end-tg-data-1/70244983d23d00d3",
            "connection_termination": false,
            "deregistration_delay": "300",
            "health_check": [
              {
                "enabled": true,
                "healthy_threshold": 3,
                "interval": 30,
                "matcher": "",
                "path": "",
                "port": "traffic-port",
                "protocol": "TCP",
                "timeout": 10,
                "unhealthy_threshold": 3
              }
            ],
            "id": "arn:aws:elasticloadbalancing:us-west-2:700080227344:targetgroup/front-end-tg-data-1/70244983d23d00d3",
            "lambda_multi_value_headers_enabled": false,
            "load_balancing_algorithm_type": null,
            "name": "front-end-tg-data-1",
            "name_prefix": null,
            "port": 80,
            "preserve_client_ip": "false",
            "protocol": "TCP",
            "protocol_version": null,
            "proxy_protocol_v2": false,
            "slow_start": 0,
            "stickiness": [
              {
                "cookie_duration": 0,
                "cookie_name": "",
                "enabled": false,
                "type": "source_ip"
              }
            ],
            "tags": {
              "Name": "hubseq-oregon-dev-tg-data-frontend",
              "company": "HubSeq"
            },
            "tags_all": {
              "Name": "hubseq-oregon-dev-tg-data-frontend",
              "company": "HubSeq"
            },
            "target_type": "ip",
            "vpc_id": "vpc-0cffea4f90e4ab656"
          },
          "sensitive_attributes": [],
          "private": "bnVsbA==",
          "dependencies": [
            "aws_vpc.vpc"
          ]
        }
      ]
    },
    {
      "mode": "managed",
      "type": "aws_lb_target_group",
      "name": "front_end_tg_data1b",
      "provider": "provider[\"registry.terraform.io/hashicorp/aws\"]",
      "instances": [
        {
          "schema_version": 0,
          "attributes": {
            "arn": "arn:aws:elasticloadbalancing:us-west-2:700080227344:targetgroup/front-end-tg-data-1b/05d02858655e145d",
            "arn_suffix": "targetgroup/front-end-tg-data-1b/05d02858655e145d",
            "connection_termination": false,
            "deregistration_delay": "300",
            "health_check": [
              {
                "enabled": true,
                "healthy_threshold": 3,
                "interval": 30,
                "matcher": "",
                "path": "",
                "port": "traffic-port",
                "protocol": "TCP",
                "timeout": 10,
                "unhealthy_threshold": 3
              }
            ],
            "id": "arn:aws:elasticloadbalancing:us-west-2:700080227344:targetgroup/front-end-tg-data-1b/05d02858655e145d",
            "lambda_multi_value_headers_enabled": false,
            "load_balancing_algorithm_type": null,
            "name": "front-end-tg-data-1b",
            "name_prefix": null,
            "port": 8080,
            "preserve_client_ip": "false",
            "protocol": "TCP",
            "protocol_version": null,
            "proxy_protocol_v2": false,
            "slow_start": 0,
            "stickiness": [
              {
                "cookie_duration": 0,
                "cookie_name": "",
                "enabled": false,
                "type": "source_ip"
              }
            ],
            "tags": {
              "Name": "hubseq-oregon-dev-tg-data1b-frontend",
              "company": "HubSeq"
            },
            "tags_all": {
              "Name": "hubseq-oregon-dev-tg-data1b-frontend",
              "company": "HubSeq"
            },
            "target_type": "ip",
            "vpc_id": "vpc-0cffea4f90e4ab656"
          },
          "sensitive_attributes": [],
          "private": "bnVsbA==",
          "dependencies": [
            "aws_vpc.vpc"
          ]
        }
      ]
    },
    {
      "mode": "managed",
      "type": "aws_lb_target_group",
      "name": "front_end_tg_data1c",
      "provider": "provider[\"registry.terraform.io/hashicorp/aws\"]",
      "instances": [
        {
          "schema_version": 0,
          "attributes": {
            "arn": "arn:aws:elasticloadbalancing:us-west-2:700080227344:targetgroup/front-end-tg-data-1c/5f3fce9ba135846e",
            "arn_suffix": "targetgroup/front-end-tg-data-1c/5f3fce9ba135846e",
            "connection_termination": false,
            "deregistration_delay": "300",
            "health_check": [
              {
                "enabled": true,
                "healthy_threshold": 3,
                "interval": 30,
                "matcher": "",
                "path": "",
                "port": "traffic-port",
                "protocol": "TCP",
                "timeout": 10,
                "unhealthy_threshold": 3
              }
            ],
            "id": "arn:aws:elasticloadbalancing:us-west-2:700080227344:targetgroup/front-end-tg-data-1c/5f3fce9ba135846e",
            "lambda_multi_value_headers_enabled": false,
            "load_balancing_algorithm_type": null,
            "name": "front-end-tg-data-1c",
            "name_prefix": null,
            "port": 8081,
            "preserve_client_ip": "false",
            "protocol": "TCP",
            "protocol_version": null,
            "proxy_protocol_v2": false,
            "slow_start": 0,
            "stickiness": [
              {
                "cookie_duration": 0,
                "cookie_name": "",
                "enabled": false,
                "type": "source_ip"
              }
            ],
            "tags": {
              "Name": "hubseq-oregon-dev-tg-data1c-frontend",
              "company": "HubSeq"
            },
            "tags_all": {
              "Name": "hubseq-oregon-dev-tg-data1c-frontend",
              "company": "HubSeq"
            },
            "target_type": "ip",
            "vpc_id": "vpc-0cffea4f90e4ab656"
          },
          "sensitive_attributes": [],
          "private": "bnVsbA==",
          "dependencies": [
            "aws_vpc.vpc"
          ]
        }
      ]
    },
    {
      "mode": "managed",
      "type": "aws_lb_target_group",
      "name": "front_end_tg_data1d",
      "provider": "provider[\"registry.terraform.io/hashicorp/aws\"]",
      "instances": [
        {
          "schema_version": 0,
          "attributes": {
            "arn": "arn:aws:elasticloadbalancing:us-west-2:700080227344:targetgroup/front-end-tg-data-1d/2e4d0c2fdb30608e",
            "arn_suffix": "targetgroup/front-end-tg-data-1d/2e4d0c2fdb30608e",
            "connection_termination": false,
            "deregistration_delay": "300",
            "health_check": [
              {
                "enabled": true,
                "healthy_threshold": 3,
                "interval": 30,
                "matcher": "",
                "path": "",
                "port": "traffic-port",
                "protocol": "TCP",
                "timeout": 10,
                "unhealthy_threshold": 3
              }
            ],
            "id": "arn:aws:elasticloadbalancing:us-west-2:700080227344:targetgroup/front-end-tg-data-1d/2e4d0c2fdb30608e",
            "lambda_multi_value_headers_enabled": false,
            "load_balancing_algorithm_type": null,
            "name": "front-end-tg-data-1d",
            "name_prefix": null,
            "port": 8082,
            "preserve_client_ip": "false",
            "protocol": "TCP",
            "protocol_version": null,
            "proxy_protocol_v2": false,
            "slow_start": 0,
            "stickiness": [
              {
                "cookie_duration": 0,
                "cookie_name": "",
                "enabled": false,
                "type": "source_ip"
              }
            ],
            "tags": {
              "Name": "hubseq-oregon-dev-tg-data1d-frontend",
              "company": "HubSeq"
            },
            "tags_all": {
              "Name": "hubseq-oregon-dev-tg-data1d-frontend",
              "company": "HubSeq"
            },
            "target_type": "ip",
            "vpc_id": "vpc-0cffea4f90e4ab656"
          },
          "sensitive_attributes": [],
          "private": "bnVsbA==",
          "dependencies": [
            "aws_vpc.vpc"
          ]
        }
      ]
    },
    {
      "mode": "managed",
      "type": "aws_lb_target_group",
      "name": "front_end_tg_demo1",
      "provider": "provider[\"registry.terraform.io/hashicorp/aws\"]",
      "instances": [
        {
          "schema_version": 0,
          "attributes": {
            "arn": "arn:aws:elasticloadbalancing:us-west-2:700080227344:targetgroup/front-end-tg-demo-1/413da5d83d6688a0",
            "arn_suffix": "targetgroup/front-end-tg-demo-1/413da5d83d6688a0",
            "connection_termination": false,
            "deregistration_delay": "300",
            "health_check": [
              {
                "enabled": true,
                "healthy_threshold": 3,
                "interval": 30,
                "matcher": "",
                "path": "",
                "port": "traffic-port",
                "protocol": "TCP",
                "timeout": 10,
                "unhealthy_threshold": 3
              }
            ],
            "id": "arn:aws:elasticloadbalancing:us-west-2:700080227344:targetgroup/front-end-tg-demo-1/413da5d83d6688a0",
            "lambda_multi_value_headers_enabled": false,
            "load_balancing_algorithm_type": null,
            "name": "front-end-tg-demo-1",
            "name_prefix": null,
            "port": 80,
            "preserve_client_ip": "false",
            "protocol": "TCP",
            "protocol_version": null,
            "proxy_protocol_v2": false,
            "slow_start": 0,
            "stickiness": [
              {
                "cookie_duration": 0,
                "cookie_name": "",
                "enabled": false,
                "type": "source_ip"
              }
            ],
            "tags": {
              "Name": "hubseq-oregon-dev-tg-demo-frontend",
              "company": "HubSeq"
            },
            "tags_all": {
              "Name": "hubseq-oregon-dev-tg-demo-frontend",
              "company": "HubSeq"
            },
            "target_type": "ip",
            "vpc_id": "vpc-0cffea4f90e4ab656"
          },
          "sensitive_attributes": [],
          "private": "bnVsbA==",
          "dependencies": [
            "aws_vpc.vpc"
          ]
        }
      ]
    },
    {
      "mode": "managed",
      "type": "aws_lb_target_group",
      "name": "front_end_tg_demo1b",
      "provider": "provider[\"registry.terraform.io/hashicorp/aws\"]",
      "instances": [
        {
          "schema_version": 0,
          "attributes": {
            "arn": "arn:aws:elasticloadbalancing:us-west-2:700080227344:targetgroup/front-end-tg-demo-1b/d0e272273189da40",
            "arn_suffix": "targetgroup/front-end-tg-demo-1b/d0e272273189da40",
            "connection_termination": false,
            "deregistration_delay": "300",
            "health_check": [
              {
                "enabled": true,
                "healthy_threshold": 3,
                "interval": 30,
                "matcher": "",
                "path": "",
                "port": "traffic-port",
                "protocol": "TCP",
                "timeout": 10,
                "unhealthy_threshold": 3
              }
            ],
            "id": "arn:aws:elasticloadbalancing:us-west-2:700080227344:targetgroup/front-end-tg-demo-1b/d0e272273189da40",
            "lambda_multi_value_headers_enabled": false,
            "load_balancing_algorithm_type": null,
            "name": "front-end-tg-demo-1b",
            "name_prefix": null,
            "port": 8080,
            "preserve_client_ip": "false",
            "protocol": "TCP",
            "protocol_version": null,
            "proxy_protocol_v2": false,
            "slow_start": 0,
            "stickiness": [
              {
                "cookie_duration": 0,
                "cookie_name": "",
                "enabled": false,
                "type": "source_ip"
              }
            ],
            "tags": {
              "Name": "hubseq-oregon-dev-tg-demo1b-frontend",
              "company": "HubSeq"
            },
            "tags_all": {
              "Name": "hubseq-oregon-dev-tg-demo1b-frontend",
              "company": "HubSeq"
            },
            "target_type": "ip",
            "vpc_id": "vpc-0cffea4f90e4ab656"
          },
          "sensitive_attributes": [],
          "private": "bnVsbA==",
          "dependencies": [
            "aws_vpc.vpc"
          ]
        }
      ]
    },
    {
      "mode": "managed",
      "type": "aws_lb_target_group",
      "name": "front_end_tg_demo1c",
      "provider": "provider[\"registry.terraform.io/hashicorp/aws\"]",
      "instances": [
        {
          "schema_version": 0,
          "attributes": {
            "arn": "arn:aws:elasticloadbalancing:us-west-2:700080227344:targetgroup/front-end-tg-demo-1c/9e990862b688d353",
            "arn_suffix": "targetgroup/front-end-tg-demo-1c/9e990862b688d353",
            "connection_termination": false,
            "deregistration_delay": "300",
            "health_check": [
              {
                "enabled": true,
                "healthy_threshold": 3,
                "interval": 30,
                "matcher": "",
                "path": "",
                "port": "traffic-port",
                "protocol": "TCP",
                "timeout": 10,
                "unhealthy_threshold": 3
              }
            ],
            "id": "arn:aws:elasticloadbalancing:us-west-2:700080227344:targetgroup/front-end-tg-demo-1c/9e990862b688d353",
            "lambda_multi_value_headers_enabled": false,
            "load_balancing_algorithm_type": null,
            "name": "front-end-tg-demo-1c",
            "name_prefix": null,
            "port": 8081,
            "preserve_client_ip": "false",
            "protocol": "TCP",
            "protocol_version": null,
            "proxy_protocol_v2": false,
            "slow_start": 0,
            "stickiness": [
              {
                "cookie_duration": 0,
                "cookie_name": "",
                "enabled": false,
                "type": "source_ip"
              }
            ],
            "tags": {
              "Name": "hubseq-oregon-dev-tg-demo1c-frontend",
              "company": "HubSeq"
            },
            "tags_all": {
              "Name": "hubseq-oregon-dev-tg-demo1c-frontend",
              "company": "HubSeq"
            },
            "target_type": "ip",
            "vpc_id": "vpc-0cffea4f90e4ab656"
          },
          "sensitive_attributes": [],
          "private": "bnVsbA==",
          "dependencies": [
            "aws_vpc.vpc"
          ]
        }
      ]
    },
    {
      "mode": "managed",
      "type": "aws_lb_target_group",
      "name": "front_end_tg_demo1d",
      "provider": "provider[\"registry.terraform.io/hashicorp/aws\"]",
      "instances": [
        {
          "schema_version": 0,
          "attributes": {
            "arn": "arn:aws:elasticloadbalancing:us-west-2:700080227344:targetgroup/front-end-tg-demo-1d/1ee6318700f8439b",
            "arn_suffix": "targetgroup/front-end-tg-demo-1d/1ee6318700f8439b",
            "connection_termination": false,
            "deregistration_delay": "300",
            "health_check": [
              {
                "enabled": true,
                "healthy_threshold": 3,
                "interval": 30,
                "matcher": "",
                "path": "",
                "port": "traffic-port",
                "protocol": "TCP",
                "timeout": 10,
                "unhealthy_threshold": 3
              }
            ],
            "id": "arn:aws:elasticloadbalancing:us-west-2:700080227344:targetgroup/front-end-tg-demo-1d/1ee6318700f8439b",
            "lambda_multi_value_headers_enabled": false,
            "load_balancing_algorithm_type": null,
            "name": "front-end-tg-demo-1d",
            "name_prefix": null,
            "port": 8082,
            "preserve_client_ip": "false",
            "protocol": "TCP",
            "protocol_version": null,
            "proxy_protocol_v2": false,
            "slow_start": 0,
            "stickiness": [
              {
                "cookie_duration": 0,
                "cookie_name": "",
                "enabled": false,
                "type": "source_ip"
              }
            ],
            "tags": {
              "Name": "hubseq-oregon-dev-tg-demo1d-frontend",
              "company": "HubSeq"
            },
            "tags_all": {
              "Name": "hubseq-oregon-dev-tg-demo1d-frontend",
              "company": "HubSeq"
            },
            "target_type": "ip",
            "vpc_id": "vpc-0cffea4f90e4ab656"
          },
          "sensitive_attributes": [],
          "private": "bnVsbA==",
          "dependencies": [
            "aws_vpc.vpc"
          ]
        }
      ]
    },
    {
      "mode": "managed",
      "type": "aws_lb_target_group",
      "name": "front_end_tg_demo1e",
      "provider": "provider[\"registry.terraform.io/hashicorp/aws\"]",
      "instances": [
        {
          "schema_version": 0,
          "attributes": {
            "arn": "arn:aws:elasticloadbalancing:us-west-2:700080227344:targetgroup/front-end-tg-demo-1e/4bfb7403bf06b32e",
            "arn_suffix": "targetgroup/front-end-tg-demo-1e/4bfb7403bf06b32e",
            "connection_termination": false,
            "deregistration_delay": "300",
            "health_check": [
              {
                "enabled": true,
                "healthy_threshold": 3,
                "interval": 30,
                "matcher": "",
                "path": "",
                "port": "traffic-port",
                "protocol": "TCP",
                "timeout": 10,
                "unhealthy_threshold": 3
              }
            ],
            "id": "arn:aws:elasticloadbalancing:us-west-2:700080227344:targetgroup/front-end-tg-demo-1e/4bfb7403bf06b32e",
            "lambda_multi_value_headers_enabled": false,
            "load_balancing_algorithm_type": null,
            "name": "front-end-tg-demo-1e",
            "name_prefix": null,
            "port": 8083,
            "preserve_client_ip": "false",
            "protocol": "TCP",
            "protocol_version": null,
            "proxy_protocol_v2": false,
            "slow_start": 0,
            "stickiness": [
              {
                "cookie_duration": 0,
                "cookie_name": "",
                "enabled": false,
                "type": "source_ip"
              }
            ],
            "tags": {
              "Name": "hubseq-oregon-dev-tg-demo1e-frontend",
              "company": "HubSeq"
            },
            "tags_all": {
              "Name": "hubseq-oregon-dev-tg-demo1e-frontend",
              "company": "HubSeq"
            },
            "target_type": "ip",
            "vpc_id": "vpc-0cffea4f90e4ab656"
          },
          "sensitive_attributes": [],
          "private": "bnVsbA==",
          "dependencies": [
            "aws_vpc.vpc"
          ]
        }
      ]
    },
    {
      "mode": "managed",
      "type": "aws_lb_target_group_attachment",
      "name": "front_end_tg_attachment_data1",
      "provider": "provider[\"registry.terraform.io/hashicorp/aws\"]",
      "instances": [
        {
          "schema_version": 0,
          "attributes": {
            "availability_zone": null,
            "id": "arn:aws:elasticloadbalancing:us-west-2:700080227344:targetgroup/front-end-tg-data-1/70244983d23d00d3-20220118201654561000000001",
            "port": 80,
            "target_group_arn": "arn:aws:elasticloadbalancing:us-west-2:700080227344:targetgroup/front-end-tg-data-1/70244983d23d00d3",
            "target_id": "10.88.1.27"
          },
          "sensitive_attributes": [],
          "private": "bnVsbA==",
          "dependencies": [
            "aws_lb_target_group.front_end_tg_data1",
            "aws_vpc.vpc"
          ]
        }
      ]
    },
    {
      "mode": "managed",
      "type": "aws_lb_target_group_attachment",
      "name": "front_end_tg_attachment_data1b",
      "provider": "provider[\"registry.terraform.io/hashicorp/aws\"]",
      "instances": [
        {
          "schema_version": 0,
          "attributes": {
            "availability_zone": null,
            "id": "arn:aws:elasticloadbalancing:us-west-2:700080227344:targetgroup/front-end-tg-data-1b/05d02858655e145d-20220318213607298500000001",
            "port": 8080,
            "target_group_arn": "arn:aws:elasticloadbalancing:us-west-2:700080227344:targetgroup/front-end-tg-data-1b/05d02858655e145d",
            "target_id": "10.88.1.27"
          },
          "sensitive_attributes": [],
          "private": "bnVsbA==",
          "dependencies": [
            "aws_lb_target_group.front_end_tg_data1b",
            "aws_vpc.vpc"
          ]
        }
      ]
    },
    {
      "mode": "managed",
      "type": "aws_lb_target_group_attachment",
      "name": "front_end_tg_attachment_data1c",
      "provider": "provider[\"registry.terraform.io/hashicorp/aws\"]",
      "instances": [
        {
          "schema_version": 0,
          "attributes": {
            "availability_zone": null,
            "id": "arn:aws:elasticloadbalancing:us-west-2:700080227344:targetgroup/front-end-tg-data-1c/5f3fce9ba135846e-20220319002527885000000001",
            "port": 8081,
            "target_group_arn": "arn:aws:elasticloadbalancing:us-west-2:700080227344:targetgroup/front-end-tg-data-1c/5f3fce9ba135846e",
            "target_id": "10.88.1.27"
          },
          "sensitive_attributes": [],
          "private": "bnVsbA==",
          "dependencies": [
            "aws_lb_target_group.front_end_tg_data1c",
            "aws_vpc.vpc"
          ]
        }
      ]
    },
    {
      "mode": "managed",
      "type": "aws_lb_target_group_attachment",
      "name": "front_end_tg_attachment_data1d",
      "provider": "provider[\"registry.terraform.io/hashicorp/aws\"]",
      "instances": [
        {
          "schema_version": 0,
          "attributes": {
            "availability_zone": null,
            "id": "arn:aws:elasticloadbalancing:us-west-2:700080227344:targetgroup/front-end-tg-data-1d/2e4d0c2fdb30608e-20220319002527963600000002",
            "port": 8082,
            "target_group_arn": "arn:aws:elasticloadbalancing:us-west-2:700080227344:targetgroup/front-end-tg-data-1d/2e4d0c2fdb30608e",
            "target_id": "10.88.1.27"
          },
          "sensitive_attributes": [],
          "private": "bnVsbA==",
          "dependencies": [
            "aws_lb_target_group.front_end_tg_data1d",
            "aws_vpc.vpc"
          ]
        }
      ]
    },
    {
      "mode": "managed",
      "type": "aws_lb_target_group_attachment",
      "name": "front_end_tg_attachment_demo1",
      "provider": "provider[\"registry.terraform.io/hashicorp/aws\"]",
      "instances": [
        {
          "schema_version": 0,
          "attributes": {
            "availability_zone": null,
            "id": "arn:aws:elasticloadbalancing:us-west-2:700080227344:targetgroup/front-end-tg-demo-1/413da5d83d6688a0-20220320211057072700000002",
            "port": 80,
            "target_group_arn": "arn:aws:elasticloadbalancing:us-west-2:700080227344:targetgroup/front-end-tg-demo-1/413da5d83d6688a0",
            "target_id": "10.88.0.152"
          },
          "sensitive_attributes": [],
          "private": "bnVsbA==",
          "dependencies": [
            "aws_lb_target_group.front_end_tg_demo1",
            "aws_vpc.vpc"
          ]
        }
      ]
    },
    {
      "mode": "managed",
      "type": "aws_lb_target_group_attachment",
      "name": "front_end_tg_attachment_demo1b",
      "provider": "provider[\"registry.terraform.io/hashicorp/aws\"]",
      "instances": [
        {
          "schema_version": 0,
          "attributes": {
            "availability_zone": null,
            "id": "arn:aws:elasticloadbalancing:us-west-2:700080227344:targetgroup/front-end-tg-demo-1b/d0e272273189da40-20220320211057538100000006",
            "port": 8080,
            "target_group_arn": "arn:aws:elasticloadbalancing:us-west-2:700080227344:targetgroup/front-end-tg-demo-1b/d0e272273189da40",
            "target_id": "10.88.0.152"
          },
          "sensitive_attributes": [],
          "private": "bnVsbA==",
          "dependencies": [
            "aws_lb_target_group.front_end_tg_demo1b",
            "aws_vpc.vpc"
          ]
        }
      ]
    },
    {
      "mode": "managed",
      "type": "aws_lb_target_group_attachment",
      "name": "front_end_tg_attachment_demo1c",
      "provider": "provider[\"registry.terraform.io/hashicorp/aws\"]",
      "instances": [
        {
          "schema_version": 0,
          "attributes": {
            "availability_zone": null,
            "id": "arn:aws:elasticloadbalancing:us-west-2:700080227344:targetgroup/front-end-tg-demo-1c/9e990862b688d353-20220320211057102000000004",
            "port": 8081,
            "target_group_arn": "arn:aws:elasticloadbalancing:us-west-2:700080227344:targetgroup/front-end-tg-demo-1c/9e990862b688d353",
            "target_id": "10.88.0.152"
          },
          "sensitive_attributes": [],
          "private": "bnVsbA==",
          "dependencies": [
            "aws_lb_target_group.front_end_tg_demo1c",
            "aws_vpc.vpc"
          ]
        }
      ]
    },
    {
      "mode": "managed",
      "type": "aws_lb_target_group_attachment",
      "name": "front_end_tg_attachment_demo1d",
      "provider": "provider[\"registry.terraform.io/hashicorp/aws\"]",
      "instances": [
        {
          "schema_version": 0,
          "attributes": {
            "availability_zone": null,
            "id": "arn:aws:elasticloadbalancing:us-west-2:700080227344:targetgroup/front-end-tg-demo-1d/1ee6318700f8439b-20220320211057091000000003",
            "port": 8082,
            "target_group_arn": "arn:aws:elasticloadbalancing:us-west-2:700080227344:targetgroup/front-end-tg-demo-1d/1ee6318700f8439b",
            "target_id": "10.88.0.152"
          },
          "sensitive_attributes": [],
          "private": "bnVsbA==",
          "dependencies": [
            "aws_lb_target_group.front_end_tg_demo1d",
            "aws_vpc.vpc"
          ]
        }
      ]
    },
    {
      "mode": "managed",
      "type": "aws_lb_target_group_attachment",
      "name": "front_end_tg_attachment_demo1e",
      "provider": "provider[\"registry.terraform.io/hashicorp/aws\"]",
      "instances": [
        {
          "schema_version": 0,
          "attributes": {
            "availability_zone": null,
            "id": "arn:aws:elasticloadbalancing:us-west-2:700080227344:targetgroup/front-end-tg-demo-1e/4bfb7403bf06b32e-20220320211057367400000005",
            "port": 8083,
            "target_group_arn": "arn:aws:elasticloadbalancing:us-west-2:700080227344:targetgroup/front-end-tg-demo-1e/4bfb7403bf06b32e",
            "target_id": "10.88.0.152"
          },
          "sensitive_attributes": [],
          "private": "bnVsbA==",
          "dependencies": [
            "aws_lb_target_group.front_end_tg_demo1e",
            "aws_vpc.vpc"
          ]
        }
      ]
    },
    {
      "mode": "managed",
      "type": "aws_main_route_table_association",
      "name": "rta-main-public",
      "provider": "provider[\"registry.terraform.io/hashicorp/aws\"]",
      "instances": [
        {
          "schema_version": 0,
          "attributes": {
            "id": "rtbassoc-01bb47f1264d00a57",
            "original_route_table_id": "rtb-0ccb48e91cfc9b168",
            "route_table_id": "rtb-00a0fb113d06929c9",
            "vpc_id": "vpc-0cffea4f90e4ab656"
          },
          "sensitive_attributes": [],
          "private": "bnVsbA==",
          "dependencies": [
            "aws_internet_gateway.igw",
            "aws_route_table.public_route_table",
            "aws_vpc.vpc"
          ]
        }
      ]
    },
    {
      "mode": "managed",
      "type": "aws_route53_record",
      "name": "data",
      "provider": "provider[\"registry.terraform.io/hashicorp/aws\"]",
      "instances": [
        {
          "schema_version": 2,
          "attributes": {
            "alias": [
              {
                "evaluate_target_health": true,
                "name": "nlb-front-end-data-public-4973dbba55eedc13.elb.us-west-2.amazonaws.com",
                "zone_id": "Z18D5FSROUN65G"
              }
            ],
            "allow_overwrite": null,
            "failover_routing_policy": [],
            "fqdn": "data.hubseq.com",
            "geolocation_routing_policy": [],
            "health_check_id": "",
            "id": "Z00733881CIWZBPEMFZAN_data.hubseq.com_A",
            "latency_routing_policy": [],
            "multivalue_answer_routing_policy": null,
            "name": "data.hubseq.com",
            "records": [],
            "set_identifier": "",
            "ttl": 0,
            "type": "A",
            "weighted_routing_policy": [],
            "zone_id": "Z00733881CIWZBPEMFZAN"
          },
          "sensitive_attributes": [],
          "private": "eyJzY2hlbWFfdmVyc2lvbiI6IjIifQ==",
          "dependencies": [
            "aws_lb.data_front_end_nlb1",
            "aws_route53_zone.main_hubseq",
            "aws_subnet.public_subnets",
            "aws_vpc.vpc"
          ]
        }
      ]
    },
    {
      "mode": "managed",
      "type": "aws_route53_record",
      "name": "demo",
      "provider": "provider[\"registry.terraform.io/hashicorp/aws\"]",
      "instances": [
        {
          "schema_version": 2,
          "attributes": {
            "alias": [
              {
                "evaluate_target_health": true,
                "name": "nlb-front-end-demo-public-f05624817851b2ce.elb.us-west-2.amazonaws.com",
                "zone_id": "Z18D5FSROUN65G"
              }
            ],
            "allow_overwrite": null,
            "failover_routing_policy": [],
            "fqdn": "demo.hubseq.com",
            "geolocation_routing_policy": [],
            "health_check_id": null,
            "id": "Z00733881CIWZBPEMFZAN_demo.hubseq.com_A",
            "latency_routing_policy": [],
            "multivalue_answer_routing_policy": null,
            "name": "demo.hubseq.com",
            "records": null,
            "set_identifier": null,
            "ttl": null,
            "type": "A",
            "weighted_routing_policy": [],
            "zone_id": "Z00733881CIWZBPEMFZAN"
          },
          "sensitive_attributes": [],
          "private": "eyJzY2hlbWFfdmVyc2lvbiI6IjIifQ==",
          "dependencies": [
            "aws_lb.demo_front_end_nlb1",
            "aws_route53_zone.main_hubseq",
            "aws_subnet.public_subnets"
          ]
        }
      ]
    },
    {
      "mode": "managed",
      "type": "aws_route53_zone",
      "name": "main",
      "provider": "provider[\"registry.terraform.io/hashicorp/aws\"]",
      "instances": [
        {
          "schema_version": 0,
          "attributes": {
            "arn": "arn:aws:route53:::hostedzone/Z01950841XC9N43BNBGSU",
            "comment": "Managed by Terraform",
            "delegation_set_id": "",
            "force_destroy": false,
            "id": "Z01950841XC9N43BNBGSU",
            "name": "ngspipelines.com",
            "name_servers": [
              "ns-1264.awsdns-30.org",
              "ns-1804.awsdns-33.co.uk",
              "ns-458.awsdns-57.com",
              "ns-635.awsdns-15.net"
            ],
            "tags": {},
            "tags_all": {},
            "vpc": [],
            "zone_id": "Z01950841XC9N43BNBGSU"
          },
          "sensitive_attributes": [],
          "private": "bnVsbA==",
          "create_before_destroy": true
        }
      ]
    },
    {
      "mode": "managed",
      "type": "aws_route53_zone",
      "name": "main_hubseq",
      "provider": "provider[\"registry.terraform.io/hashicorp/aws\"]",
      "instances": [
        {
          "schema_version": 0,
          "attributes": {
            "arn": "arn:aws:route53:::hostedzone/Z00733881CIWZBPEMFZAN",
            "comment": "Managed by Terraform",
            "delegation_set_id": "",
            "force_destroy": false,
            "id": "Z00733881CIWZBPEMFZAN",
            "name": "hubseq.com",
            "name_servers": [
              "ns-1043.awsdns-02.org",
              "ns-1657.awsdns-15.co.uk",
              "ns-389.awsdns-48.com",
              "ns-780.awsdns-33.net"
            ],
            "tags": {},
            "tags_all": {},
            "vpc": [],
            "zone_id": "Z00733881CIWZBPEMFZAN"
          },
          "sensitive_attributes": [],
          "private": "bnVsbA==",
          "create_before_destroy": true
        }
      ]
    },
    {
      "mode": "managed",
      "type": "aws_route_table",
      "name": "public_route_table",
      "provider": "provider[\"registry.terraform.io/hashicorp/aws\"]",
      "instances": [
        {
          "schema_version": 0,
          "attributes": {
            "arn": "arn:aws:ec2:us-west-2:700080227344:route-table/rtb-00a0fb113d06929c9",
            "id": "rtb-00a0fb113d06929c9",
            "owner_id": "700080227344",
            "propagating_vgws": [],
            "route": [
              {
                "carrier_gateway_id": "",
                "cidr_block": "0.0.0.0/0",
                "destination_prefix_list_id": "",
                "egress_only_gateway_id": "",
                "gateway_id": "igw-0fbf519a226a466ae",
                "instance_id": "",
                "ipv6_cidr_block": "",
                "local_gateway_id": "",
                "nat_gateway_id": "",
                "network_interface_id": "",
                "transit_gateway_id": "",
                "vpc_endpoint_id": "",
                "vpc_peering_connection_id": ""
              }
            ],
            "tags": {
              "Name": "hubseq-oregon-dev-public-route-table",
              "company": "HubSeq"
            },
            "tags_all": {
              "Name": "hubseq-oregon-dev-public-route-table",
              "company": "HubSeq"
            },
            "timeouts": null,
            "vpc_id": "vpc-0cffea4f90e4ab656"
          },
          "sensitive_attributes": [],
          "private": "eyJlMmJmYjczMC1lY2FhLTExZTYtOGY4OC0zNDM2M2JjN2M0YzAiOnsiY3JlYXRlIjoxMjAwMDAwMDAwMDAsImRlbGV0ZSI6MzAwMDAwMDAwMDAwLCJ1cGRhdGUiOjEyMDAwMDAwMDAwMH19",
          "dependencies": [
            "aws_internet_gateway.igw",
            "aws_vpc.vpc"
          ]
        }
      ]
    },
    {
      "mode": "managed",
      "type": "aws_route_table_association",
      "name": "rta-public-subnets",
      "provider": "provider[\"registry.terraform.io/hashicorp/aws\"]",
      "instances": [
        {
          "index_key": 0,
          "schema_version": 0,
          "attributes": {
            "gateway_id": "",
            "id": "rtbassoc-0bea4d43ef095f689",
            "route_table_id": "rtb-00a0fb113d06929c9",
            "subnet_id": "subnet-055bc946ab7a3d117"
          },
          "sensitive_attributes": [],
          "private": "bnVsbA==",
          "dependencies": [
            "aws_internet_gateway.igw",
            "aws_route_table.public_route_table",
            "aws_subnet.public_subnets",
            "aws_vpc.vpc"
          ]
        },
        {
          "index_key": 1,
          "schema_version": 0,
          "attributes": {
            "gateway_id": "",
            "id": "rtbassoc-01ad5d2129864d2ff",
            "route_table_id": "rtb-00a0fb113d06929c9",
            "subnet_id": "subnet-0fa30f015524d724a"
          },
          "sensitive_attributes": [],
          "private": "bnVsbA==",
          "dependencies": [
            "aws_internet_gateway.igw",
            "aws_route_table.public_route_table",
            "aws_subnet.public_subnets",
            "aws_vpc.vpc"
          ]
        },
        {
          "index_key": 2,
          "schema_version": 0,
          "attributes": {
            "gateway_id": "",
            "id": "rtbassoc-0115267a24509ca20",
            "route_table_id": "rtb-00a0fb113d06929c9",
            "subnet_id": "subnet-077f33c0fe9e7e604"
          },
          "sensitive_attributes": [],
          "private": "bnVsbA==",
          "dependencies": [
            "aws_route_table.public_route_table",
            "aws_subnet.public_subnets",
            "aws_vpc.vpc",
            "aws_internet_gateway.igw"
          ]
        },
        {
          "index_key": 3,
          "schema_version": 0,
          "attributes": {
            "gateway_id": "",
            "id": "rtbassoc-030ca97606c7eb06c",
            "route_table_id": "rtb-00a0fb113d06929c9",
            "subnet_id": "subnet-006b096220046e290"
          },
          "sensitive_attributes": [],
          "private": "bnVsbA==",
          "dependencies": [
            "aws_internet_gateway.igw",
            "aws_route_table.public_route_table",
            "aws_subnet.public_subnets",
            "aws_vpc.vpc"
          ]
        }
      ]
    },
    {
      "mode": "managed",
      "type": "aws_security_group",
      "name": "reachable_from_vpc",
      "provider": "provider[\"registry.terraform.io/hashicorp/aws\"]",
      "instances": [
        {
          "schema_version": 1,
          "attributes": {
            "arn": "arn:aws:ec2:us-west-2:700080227344:security-group/sg-0b50a57eb72db3a1e",
            "description": "Managed by Terraform",
            "egress": [
              {
                "cidr_blocks": [
                  "0.0.0.0/0"
                ],
                "description": "",
                "from_port": 0,
                "ipv6_cidr_blocks": [],
                "prefix_list_ids": [],
                "protocol": "-1",
                "security_groups": [],
                "self": false,
                "to_port": 0
              }
            ],
            "id": "sg-0b50a57eb72db3a1e",
            "ingress": [
              {
                "cidr_blocks": [
                  "10.88.0.0/16"
                ],
                "description": "",
                "from_port": 0,
                "ipv6_cidr_blocks": [],
                "prefix_list_ids": [],
                "protocol": "-1",
                "security_groups": [],
                "self": false,
                "to_port": 0
              }
            ],
            "name": "hubseq-oregon-dev-reachable-from-vpc",
            "name_prefix": "",
            "owner_id": "700080227344",
            "revoke_rules_on_delete": false,
            "tags": {
              "Name": "hubseq-oregon-dev-reachable-from-vpc",
              "company": "HubSeq"
            },
            "tags_all": {
              "Name": "hubseq-oregon-dev-reachable-from-vpc",
              "company": "HubSeq"
            },
            "timeouts": null,
            "vpc_id": "vpc-0cffea4f90e4ab656"
          },
          "sensitive_attributes": [],
          "private": "eyJlMmJmYjczMC1lY2FhLTExZTYtOGY4OC0zNDM2M2JjN2M0YzAiOnsiY3JlYXRlIjo2MDAwMDAwMDAwMDAsImRlbGV0ZSI6OTAwMDAwMDAwMDAwfSwic2NoZW1hX3ZlcnNpb24iOiIxIn0=",
          "dependencies": [
            "aws_vpc.vpc"
          ]
        }
      ]
    },
    {
      "mode": "managed",
      "type": "aws_security_group",
      "name": "reachable_with_http",
      "provider": "provider[\"registry.terraform.io/hashicorp/aws\"]",
      "instances": [
        {
          "schema_version": 1,
          "attributes": {
            "arn": "arn:aws:ec2:us-west-2:700080227344:security-group/sg-0bfdfb66cdafe67d7",
            "description": "Managed by Terraform",
            "egress": [
              {
                "cidr_blocks": [
                  "0.0.0.0/0"
                ],
                "description": "",
                "from_port": 0,
                "ipv6_cidr_blocks": [],
                "prefix_list_ids": [],
                "protocol": "-1",
                "security_groups": [],
                "self": false,
                "to_port": 0
              }
            ],
            "id": "sg-0bfdfb66cdafe67d7",
            "ingress": [
              {
                "cidr_blocks": [
                  "0.0.0.0/0"
                ],
                "description": "",
                "from_port": 3000,
                "ipv6_cidr_blocks": [],
                "prefix_list_ids": [],
                "protocol": "tcp",
                "security_groups": [],
                "self": false,
                "to_port": 3000
              },
              {
                "cidr_blocks": [
                  "0.0.0.0/0"
                ],
                "description": "",
                "from_port": 3001,
                "ipv6_cidr_blocks": [],
                "prefix_list_ids": [],
                "protocol": "tcp",
                "security_groups": [],
                "self": false,
                "to_port": 3001
              },
              {
                "cidr_blocks": [
                  "0.0.0.0/0"
                ],
                "description": "",
                "from_port": 443,
                "ipv6_cidr_blocks": [],
                "prefix_list_ids": [],
                "protocol": "tcp",
                "security_groups": [],
                "self": false,
                "to_port": 443
              },
              {
                "cidr_blocks": [
                  "0.0.0.0/0"
                ],
                "description": "",
                "from_port": 5000,
                "ipv6_cidr_blocks": [],
                "prefix_list_ids": [],
                "protocol": "tcp",
                "security_groups": [],
                "self": false,
                "to_port": 5000
              },
              {
                "cidr_blocks": [
                  "0.0.0.0/0"
                ],
                "description": "",
                "from_port": 5000,
                "ipv6_cidr_blocks": [],
                "prefix_list_ids": [],
                "protocol": "tcp",
                "security_groups": [],
                "self": false,
                "to_port": 5001
              },
              {
                "cidr_blocks": [
                  "0.0.0.0/0"
                ],
                "description": "",
                "from_port": 8080,
                "ipv6_cidr_blocks": [],
                "prefix_list_ids": [],
                "protocol": "tcp",
                "security_groups": [],
                "self": false,
                "to_port": 8080
              },
              {
                "cidr_blocks": [
                  "0.0.0.0/0"
                ],
                "description": "",
                "from_port": 8081,
                "ipv6_cidr_blocks": [],
                "prefix_list_ids": [],
                "protocol": "tcp",
                "security_groups": [],
                "self": false,
                "to_port": 8081
              },
              {
                "cidr_blocks": [
                  "0.0.0.0/0"
                ],
                "description": "",
                "from_port": 8082,
                "ipv6_cidr_blocks": [],
                "prefix_list_ids": [],
                "protocol": "tcp",
                "security_groups": [],
                "self": false,
                "to_port": 8082
              },
              {
                "cidr_blocks": [
                  "0.0.0.0/0"
                ],
                "description": "",
                "from_port": 80,
                "ipv6_cidr_blocks": [],
                "prefix_list_ids": [],
                "protocol": "tcp",
                "security_groups": [],
                "self": false,
                "to_port": 80
              }
            ],
            "name": "hubseq-oregon-dev-reachable-with-http",
            "name_prefix": "",
            "owner_id": "700080227344",
            "revoke_rules_on_delete": false,
            "tags": {
              "Name": "hubseq-oregon-dev-reachable-with-http",
              "company": "HubSeq"
            },
            "tags_all": {
              "Name": "hubseq-oregon-dev-reachable-with-http",
              "company": "HubSeq"
            },
            "timeouts": null,
            "vpc_id": "vpc-0cffea4f90e4ab656"
          },
          "sensitive_attributes": [],
          "private": "eyJlMmJmYjczMC1lY2FhLTExZTYtOGY4OC0zNDM2M2JjN2M0YzAiOnsiY3JlYXRlIjo2MDAwMDAwMDAwMDAsImRlbGV0ZSI6OTAwMDAwMDAwMDAwfSwic2NoZW1hX3ZlcnNpb24iOiIxIn0=",
          "dependencies": [
            "aws_vpc.vpc"
          ]
        }
      ]
    },
    {
      "mode": "managed",
      "type": "aws_security_group",
      "name": "reachable_with_ssh",
      "provider": "provider[\"registry.terraform.io/hashicorp/aws\"]",
      "instances": [
        {
          "schema_version": 1,
          "attributes": {
            "arn": "arn:aws:ec2:us-west-2:700080227344:security-group/sg-04a2428eaabdc5573",
            "description": "Managed by Terraform",
            "egress": [
              {
                "cidr_blocks": [
                  "0.0.0.0/0"
                ],
                "description": "",
                "from_port": 0,
                "ipv6_cidr_blocks": [],
                "prefix_list_ids": [],
                "protocol": "-1",
                "security_groups": [],
                "self": false,
                "to_port": 0
              }
            ],
            "id": "sg-04a2428eaabdc5573",
            "ingress": [
              {
                "cidr_blocks": [
                  "0.0.0.0/0"
                ],
                "description": "",
                "from_port": 22,
                "ipv6_cidr_blocks": [],
                "prefix_list_ids": [],
                "protocol": "tcp",
                "security_groups": [],
                "self": false,
                "to_port": 22
              }
            ],
            "name": "hubseq-oregon-dev-reachable-with-ssh",
            "name_prefix": "",
            "owner_id": "700080227344",
            "revoke_rules_on_delete": false,
            "tags": {
              "Name": "hubseq-oregon-dev-reachable-with-ssh",
              "company": "HubSeq"
            },
            "tags_all": {
              "Name": "hubseq-oregon-dev-reachable-with-ssh",
              "company": "HubSeq"
            },
            "timeouts": null,
            "vpc_id": "vpc-0cffea4f90e4ab656"
          },
          "sensitive_attributes": [],
          "private": "eyJlMmJmYjczMC1lY2FhLTExZTYtOGY4OC0zNDM2M2JjN2M0YzAiOnsiY3JlYXRlIjo2MDAwMDAwMDAwMDAsImRlbGV0ZSI6OTAwMDAwMDAwMDAwfSwic2NoZW1hX3ZlcnNpb24iOiIxIn0=",
          "dependencies": [
            "aws_vpc.vpc"
          ]
        }
      ]
    },
    {
      "mode": "managed",
      "type": "aws_subnet",
      "name": "public_subnets",
      "provider": "provider[\"registry.terraform.io/hashicorp/aws\"]",
      "instances": [
        {
          "index_key": 0,
          "schema_version": 1,
          "attributes": {
            "arn": "arn:aws:ec2:us-west-2:700080227344:subnet/subnet-055bc946ab7a3d117",
            "assign_ipv6_address_on_creation": false,
            "availability_zone": "us-west-2a",
            "availability_zone_id": "usw2-az2",
            "cidr_block": "10.88.0.0/23",
            "customer_owned_ipv4_pool": "",
            "id": "subnet-055bc946ab7a3d117",
            "ipv6_cidr_block": "",
            "ipv6_cidr_block_association_id": "",
            "map_customer_owned_ip_on_launch": false,
            "map_public_ip_on_launch": true,
            "outpost_arn": "",
            "owner_id": "700080227344",
            "tags": {
              "Name": "hubseq-oregon-dev-public-subnet-0",
              "company": "HubSeq"
            },
            "tags_all": {
              "Name": "hubseq-oregon-dev-public-subnet-0",
              "company": "HubSeq"
            },
            "timeouts": null,
            "vpc_id": "vpc-0cffea4f90e4ab656"
          },
          "sensitive_attributes": [],
          "private": "eyJlMmJmYjczMC1lY2FhLTExZTYtOGY4OC0zNDM2M2JjN2M0YzAiOnsiY3JlYXRlIjo2MDAwMDAwMDAwMDAsImRlbGV0ZSI6MTIwMDAwMDAwMDAwMH0sInNjaGVtYV92ZXJzaW9uIjoiMSJ9",
          "dependencies": [
            "aws_vpc.vpc"
          ]
        },
        {
          "index_key": 1,
          "schema_version": 1,
          "attributes": {
            "arn": "arn:aws:ec2:us-west-2:700080227344:subnet/subnet-0fa30f015524d724a",
            "assign_ipv6_address_on_creation": false,
            "availability_zone": "us-west-2b",
            "availability_zone_id": "usw2-az1",
            "cidr_block": "10.88.2.0/23",
            "customer_owned_ipv4_pool": "",
            "id": "subnet-0fa30f015524d724a",
            "ipv6_cidr_block": "",
            "ipv6_cidr_block_association_id": "",
            "map_customer_owned_ip_on_launch": false,
            "map_public_ip_on_launch": true,
            "outpost_arn": "",
            "owner_id": "700080227344",
            "tags": {
              "Name": "hubseq-oregon-dev-public-subnet-1",
              "company": "HubSeq"
            },
            "tags_all": {
              "Name": "hubseq-oregon-dev-public-subnet-1",
              "company": "HubSeq"
            },
            "timeouts": null,
            "vpc_id": "vpc-0cffea4f90e4ab656"
          },
          "sensitive_attributes": [],
          "private": "eyJlMmJmYjczMC1lY2FhLTExZTYtOGY4OC0zNDM2M2JjN2M0YzAiOnsiY3JlYXRlIjo2MDAwMDAwMDAwMDAsImRlbGV0ZSI6MTIwMDAwMDAwMDAwMH0sInNjaGVtYV92ZXJzaW9uIjoiMSJ9",
          "dependencies": [
            "aws_vpc.vpc"
          ]
        },
        {
          "index_key": 2,
          "schema_version": 1,
          "attributes": {
            "arn": "arn:aws:ec2:us-west-2:700080227344:subnet/subnet-077f33c0fe9e7e604",
            "assign_ipv6_address_on_creation": false,
            "availability_zone": "us-west-2c",
            "availability_zone_id": "usw2-az3",
            "cidr_block": "10.88.4.0/23",
            "customer_owned_ipv4_pool": "",
            "id": "subnet-077f33c0fe9e7e604",
            "ipv6_cidr_block": "",
            "ipv6_cidr_block_association_id": "",
            "map_customer_owned_ip_on_launch": false,
            "map_public_ip_on_launch": true,
            "outpost_arn": "",
            "owner_id": "700080227344",
            "tags": {
              "Name": "hubseq-oregon-dev-public-subnet-2",
              "company": "HubSeq"
            },
            "tags_all": {
              "Name": "hubseq-oregon-dev-public-subnet-2",
              "company": "HubSeq"
            },
            "timeouts": null,
            "vpc_id": "vpc-0cffea4f90e4ab656"
          },
          "sensitive_attributes": [],
          "private": "eyJlMmJmYjczMC1lY2FhLTExZTYtOGY4OC0zNDM2M2JjN2M0YzAiOnsiY3JlYXRlIjo2MDAwMDAwMDAwMDAsImRlbGV0ZSI6MTIwMDAwMDAwMDAwMH0sInNjaGVtYV92ZXJzaW9uIjoiMSJ9",
          "dependencies": [
            "aws_vpc.vpc"
          ]
        },
        {
          "index_key": 3,
          "schema_version": 1,
          "attributes": {
            "arn": "arn:aws:ec2:us-west-2:700080227344:subnet/subnet-006b096220046e290",
            "assign_ipv6_address_on_creation": false,
            "availability_zone": "us-west-2d",
            "availability_zone_id": "usw2-az4",
            "cidr_block": "10.88.6.0/23",
            "customer_owned_ipv4_pool": "",
            "id": "subnet-006b096220046e290",
            "ipv6_cidr_block": "",
            "ipv6_cidr_block_association_id": "",
            "map_customer_owned_ip_on_launch": false,
            "map_public_ip_on_launch": true,
            "outpost_arn": "",
            "owner_id": "700080227344",
            "tags": {
              "Name": "hubseq-oregon-dev-public-subnet-3",
              "company": "HubSeq"
            },
            "tags_all": {
              "Name": "hubseq-oregon-dev-public-subnet-3",
              "company": "HubSeq"
            },
            "timeouts": null,
            "vpc_id": "vpc-0cffea4f90e4ab656"
          },
          "sensitive_attributes": [],
          "private": "eyJlMmJmYjczMC1lY2FhLTExZTYtOGY4OC0zNDM2M2JjN2M0YzAiOnsiY3JlYXRlIjo2MDAwMDAwMDAwMDAsImRlbGV0ZSI6MTIwMDAwMDAwMDAwMH0sInNjaGVtYV92ZXJzaW9uIjoiMSJ9",
          "dependencies": [
            "aws_vpc.vpc"
          ]
        }
      ]
    },
    {
      "mode": "managed",
      "type": "aws_vpc",
      "name": "vpc",
      "provider": "provider[\"registry.terraform.io/hashicorp/aws\"]",
      "instances": [
        {
          "schema_version": 1,
          "attributes": {
            "arn": "arn:aws:ec2:us-west-2:700080227344:vpc/vpc-0cffea4f90e4ab656",
            "assign_generated_ipv6_cidr_block": false,
            "cidr_block": "10.88.0.0/16",
            "default_network_acl_id": "acl-0b4f563a5ef372d4a",
            "default_route_table_id": "rtb-00a0fb113d06929c9",
            "default_security_group_id": "sg-0be63635bfc7b7932",
            "dhcp_options_id": "dopt-091d793b4683a6b3d",
            "enable_classiclink": false,
            "enable_classiclink_dns_support": false,
            "enable_dns_hostnames": true,
            "enable_dns_support": true,
            "id": "vpc-0cffea4f90e4ab656",
            "instance_tenancy": "default",
            "ipv4_ipam_pool_id": null,
            "ipv4_netmask_length": null,
            "ipv6_association_id": "",
            "ipv6_cidr_block": "",
            "ipv6_ipam_pool_id": null,
            "ipv6_netmask_length": null,
            "main_route_table_id": "rtb-00a0fb113d06929c9",
            "owner_id": "700080227344",
            "tags": {
              "Name": "hubseq-oregon-dev-vpc",
              "company": "HubSeq"
            },
            "tags_all": {
              "Name": "hubseq-oregon-dev-vpc",
              "company": "HubSeq"
            }
          },
          "sensitive_attributes": [],
          "private": "eyJzY2hlbWFfdmVyc2lvbiI6IjEifQ=="
        }
      ]
    },
    {
      "mode": "managed",
      "type": "aws_vpc_endpoint",
      "name": "s3",
      "provider": "provider[\"registry.terraform.io/hashicorp/aws\"]",
      "instances": [
        {
          "schema_version": 0,
          "attributes": {
            "arn": "arn:aws:ec2:us-west-2:700080227344:vpc-endpoint/vpce-09d320ccca51c009f",
            "auto_accept": null,
            "cidr_blocks": [
              "3.5.76.0/22",
              "3.5.80.0/21",
              "18.34.48.0/20",
              "18.34.244.0/22",
              "52.92.128.0/17",
              "52.218.128.0/17"
            ],
            "dns_entry": [],
            "id": "vpce-09d320ccca51c009f",
            "network_interface_ids": [],
            "owner_id": "700080227344",
            "policy": "{\"Statement\":[{\"Action\":\"*\",\"Effect\":\"Allow\",\"Principal\":\"*\",\"Resource\":\"*\"}],\"Version\":\"2008-10-17\"}",
            "prefix_list_id": "pl-68a54001",
            "private_dns_enabled": false,
            "requester_managed": false,
            "route_table_ids": [
              "rtb-00a0fb113d06929c9"
            ],
            "security_group_ids": [],
            "service_name": "com.amazonaws.us-west-2.s3",
            "state": "available",
            "subnet_ids": [],
            "tags": {},
            "tags_all": {},
            "timeouts": null,
            "vpc_endpoint_type": "Gateway",
            "vpc_id": "vpc-0cffea4f90e4ab656"
          },
          "sensitive_attributes": [],
          "private": "eyJlMmJmYjczMC1lY2FhLTExZTYtOGY4OC0zNDM2M2JjN2M0YzAiOnsiY3JlYXRlIjo2MDAwMDAwMDAwMDAsImRlbGV0ZSI6NjAwMDAwMDAwMDAwLCJ1cGRhdGUiOjYwMDAwMDAwMDAwMH19",
          "dependencies": [
            "aws_vpc.vpc"
          ]
        }
      ]
    },
    {
      "mode": "managed",
      "type": "aws_vpc_endpoint_route_table_association",
      "name": "rta-s3-public",
      "provider": "provider[\"registry.terraform.io/hashicorp/aws\"]",
      "instances": [
        {
          "schema_version": 0,
          "attributes": {
            "id": "a-vpce-09d320ccca51c009f3565538379",
            "route_table_id": "rtb-00a0fb113d06929c9",
            "vpc_endpoint_id": "vpce-09d320ccca51c009f"
          },
          "sensitive_attributes": [],
          "private": "bnVsbA==",
          "dependencies": [
            "aws_internet_gateway.igw",
            "aws_route_table.public_route_table",
            "aws_vpc.vpc",
            "aws_vpc_endpoint.s3"
          ]
        }
      ]
    }
  ]
}
